// !$*UTF8*$!
{
	archiveVersion = 1;
	classes = {
	};
	objectVersion = 55;
	objects = {

/* Begin PBXBuildFile section */
		303B583728E1D62D0025BB7C /* CheckEnrollmentResponse.swift in Sources */ = {isa = PBXBuildFile; fileRef = 303B583628E1D62D0025BB7C /* CheckEnrollmentResponse.swift */; };
		303B583928E1E94F0025BB7C /* AccessTokenResponse.swift in Sources */ = {isa = PBXBuildFile; fileRef = 303B583828E1E94F0025BB7C /* AccessTokenResponse.swift */; };
		303B583B28E1EF970025BB7C /* AuthParamsResponse.swift in Sources */ = {isa = PBXBuildFile; fileRef = 303B583A28E1EF970025BB7C /* AuthParamsResponse.swift */; };
		303B583D28E21D810025BB7C /* AuthDataResponse.swift in Sources */ = {isa = PBXBuildFile; fileRef = 303B583C28E21D810025BB7C /* AuthDataResponse.swift */; };
		303B583F28E21E110025BB7C /* TransactionResponse.swift in Sources */ = {isa = PBXBuildFile; fileRef = 303B583E28E21E110025BB7C /* TransactionResponse.swift */; };
		303B584128E243AE0025BB7C /* ThreeDSecureRequest.swift in Sources */ = {isa = PBXBuildFile; fileRef = 303B584028E243AE0025BB7C /* ThreeDSecureRequest.swift */; };
		303C9A8028BF8ADD005F24C2 /* TransactionView.xib in Resources */ = {isa = PBXBuildFile; fileRef = 303C9A7F28BF8ADD005F24C2 /* TransactionView.xib */; };
		3046C35B284916B000955E5A /* AppDelegate.swift in Sources */ = {isa = PBXBuildFile; fileRef = 3046C35A284916B000955E5A /* AppDelegate.swift */; };
		3046C35F284916B000955E5A /* MerchantViewController.swift in Sources */ = {isa = PBXBuildFile; fileRef = 3046C35E284916B000955E5A /* MerchantViewController.swift */; };
		3046C362284916B000955E5A /* Merchant.storyboard in Resources */ = {isa = PBXBuildFile; fileRef = 3046C360284916B000955E5A /* Merchant.storyboard */; };
		3046C364284916B100955E5A /* Assets.xcassets in Resources */ = {isa = PBXBuildFile; fileRef = 3046C363284916B100955E5A /* Assets.xcassets */; };
		3046C367284916B100955E5A /* LaunchScreen.storyboard in Resources */ = {isa = PBXBuildFile; fileRef = 3046C365284916B100955E5A /* LaunchScreen.storyboard */; };
		3046C372284916B100955E5A /* Merchant3DSTests.swift in Sources */ = {isa = PBXBuildFile; fileRef = 3046C371284916B100955E5A /* Merchant3DSTests.swift */; };
		3046C37C284916B100955E5A /* Merchant3DSUITests.swift in Sources */ = {isa = PBXBuildFile; fileRef = 3046C37B284916B100955E5A /* Merchant3DSUITests.swift */; };
		3046C37E284916B100955E5A /* Merchant3DSUITestsLaunchTests.swift in Sources */ = {isa = PBXBuildFile; fileRef = 3046C37D284916B100955E5A /* Merchant3DSUITestsLaunchTests.swift */; };
		3046C38C2849179F00955E5A /* StoryboardInstantiable.swift in Sources */ = {isa = PBXBuildFile; fileRef = 3046C38B2849179F00955E5A /* StoryboardInstantiable.swift */; };
		3046C3932849186300955E5A /* ACSWebView.xib in Resources */ = {isa = PBXBuildFile; fileRef = 3046C3922849186300955E5A /* ACSWebView.xib */; };
		3046C3952849189200955E5A /* ACSWebView.swift in Sources */ = {isa = PBXBuildFile; fileRef = 3046C3942849189200955E5A /* ACSWebView.swift */; };
		3046C39828491BF600955E5A /* cardData.html in Resources */ = {isa = PBXBuildFile; fileRef = 3046C39728491BF600955E5A /* cardData.html */; };
		3046C3B12852D69400955E5A /* UIViewControllerExtensions.swift in Sources */ = {isa = PBXBuildFile; fileRef = 3046C3B02852D69400955E5A /* UIViewControllerExtensions.swift */; };
		3046C3B32852D6B300955E5A /* StringExtensions.swift in Sources */ = {isa = PBXBuildFile; fileRef = 3046C3B22852D6B300955E5A /* StringExtensions.swift */; };
		3046C3B52852D6CB00955E5A /* Utils.swift in Sources */ = {isa = PBXBuildFile; fileRef = 3046C3B42852D6CB00955E5A /* Utils.swift */; };
		3046C3C42852D82700955E5A /* Mappable.swift in Sources */ = {isa = PBXBuildFile; fileRef = 3046C3C32852D82700955E5A /* Mappable.swift */; };
		3046C3C72852DAA200955E5A /* MerchantViewModel.swift in Sources */ = {isa = PBXBuildFile; fileRef = 3046C3C62852DAA200955E5A /* MerchantViewModel.swift */; };
		3046C3C92852DC2800955E5A /* MerchantBuilder.swift in Sources */ = {isa = PBXBuildFile; fileRef = 3046C3C82852DC2800955E5A /* MerchantBuilder.swift */; };
		3046C3D12852DDF100955E5A /* DropDown.swift in Sources */ = {isa = PBXBuildFile; fileRef = 3046C3D02852DDF100955E5A /* DropDown.swift */; };
		3046C3D32852DE0E00955E5A /* DatePicker.swift in Sources */ = {isa = PBXBuildFile; fileRef = 3046C3D22852DE0E00955E5A /* DatePicker.swift */; };
		3046C3D72852DF1800955E5A /* Localizable.strings in Resources */ = {isa = PBXBuildFile; fileRef = 3046C3D92852DF1800955E5A /* Localizable.strings */; };
		304CD93C28B7B913007A82E2 /* PaymentDetailsUseCase.swift in Sources */ = {isa = PBXBuildFile; fileRef = 304CD93B28B7B913007A82E2 /* PaymentDetailsUseCase.swift */; };
		304CD94228B7B9A1007A82E2 /* AuthenticationResponse.swift in Sources */ = {isa = PBXBuildFile; fileRef = 304CD94128B7B9A1007A82E2 /* AuthenticationResponse.swift */; };
		304CD94628B7B9E2007A82E2 /* Deserialisable.swift in Sources */ = {isa = PBXBuildFile; fileRef = 304CD94528B7B9E2007A82E2 /* Deserialisable.swift */; };
		304CD95228B7BB09007A82E2 /* ErrorDescription.swift in Sources */ = {isa = PBXBuildFile; fileRef = 304CD95128B7BB09007A82E2 /* ErrorDescription.swift */; };
		304CD96628B7BD67007A82E2 /* ApiConstants.swift in Sources */ = {isa = PBXBuildFile; fileRef = 304CD96528B7BD67007A82E2 /* ApiConstants.swift */; };
		304CD96E28BDACBC007A82E2 /* StatusView.swift in Sources */ = {isa = PBXBuildFile; fileRef = 304CD96D28BDACBC007A82E2 /* StatusView.swift */; };
		304CD97028BDACE2007A82E2 /* AppChallengeStatusReceiver.swift in Sources */ = {isa = PBXBuildFile; fileRef = 304CD96F28BDACE2007A82E2 /* AppChallengeStatusReceiver.swift */; };
		304CD97228BE702F007A82E2 /* acs2021.pem in Resources */ = {isa = PBXBuildFile; fileRef = 304CD97128BE702F007A82E2 /* acs2021.pem */; };
		305BAFB628D0276400A8D588 /* Gateway3ds.swift in Sources */ = {isa = PBXBuildFile; fileRef = 305BAFB528D0276400A8D588 /* Gateway3ds.swift */; };
		305BAFB828D02C5900A8D588 /* RestGateway3ds.swift in Sources */ = {isa = PBXBuildFile; fileRef = 305BAFB728D02C5900A8D588 /* RestGateway3ds.swift */; };
		305BAFBA28D02CC400A8D588 /* JsonUtils.swift in Sources */ = {isa = PBXBuildFile; fileRef = 305BAFB928D02CC400A8D588 /* JsonUtils.swift */; };
		305BAFBC28D02D0400A8D588 /* GatewayException.swift in Sources */ = {isa = PBXBuildFile; fileRef = 305BAFBB28D02D0400A8D588 /* GatewayException.swift */; };
		305BAFBE28D02EE100A8D588 /* ApiConnector.swift in Sources */ = {isa = PBXBuildFile; fileRef = 305BAFBD28D02EE100A8D588 /* ApiConnector.swift */; };
		305BAFC028D0306600A8D588 /* ServicesContainer.swift in Sources */ = {isa = PBXBuildFile; fileRef = 305BAFBF28D0306600A8D588 /* ServicesContainer.swift */; };
		3068B3A028A68B7D004C7888 /* script.js in Resources */ = {isa = PBXBuildFile; fileRef = 3068B39F28A68B7D004C7888 /* script.js */; };
		3068B3A328AEB821004C7888 /* AmountViewController.swift in Sources */ = {isa = PBXBuildFile; fileRef = 3068B3A228AEB821004C7888 /* AmountViewController.swift */; };
		3068B3A528AEB865004C7888 /* Amount.storyboard in Resources */ = {isa = PBXBuildFile; fileRef = 3068B3A428AEB865004C7888 /* Amount.storyboard */; };
		3068B3A728AEB9B8004C7888 /* AmountBuilder.swift in Sources */ = {isa = PBXBuildFile; fileRef = 3068B3A628AEB9B8004C7888 /* AmountBuilder.swift */; };
		3068B3AC28B6D0BA004C7888 /* InitializationUseCase.swift in Sources */ = {isa = PBXBuildFile; fileRef = 3068B3AB28B6D0BA004C7888 /* InitializationUseCase.swift */; };
		3068B3AE28B6D0E8004C7888 /* InitializationUseCaseImplementation.swift in Sources */ = {isa = PBXBuildFile; fileRef = 3068B3AD28B6D0E8004C7888 /* InitializationUseCaseImplementation.swift */; };
		3070765828B6D42D00E569D0 /* AppBootstraper.swift in Sources */ = {isa = PBXBuildFile; fileRef = 3070765728B6D42D00E569D0 /* AppBootstraper.swift */; };
		3096EA0D296E02A400E24B3A /* artwork_product.jpeg in Resources */ = {isa = PBXBuildFile; fileRef = 3096EA0C296E02A400E24B3A /* artwork_product.jpeg */; };
		3096EA102976CE7800E24B3A /* Success.storyboard in Resources */ = {isa = PBXBuildFile; fileRef = 3096EA0F2976CE7800E24B3A /* Success.storyboard */; };
		3096EA132976D22A00E24B3A /* Error.storyboard in Resources */ = {isa = PBXBuildFile; fileRef = 3096EA122976D22A00E24B3A /* Error.storyboard */; };
		3096EA152976D37900E24B3A /* SuccessViewController.swift in Sources */ = {isa = PBXBuildFile; fileRef = 3096EA142976D37900E24B3A /* SuccessViewController.swift */; };
		3096EA172976D3B000E24B3A /* ErrorViewController.swift in Sources */ = {isa = PBXBuildFile; fileRef = 3096EA162976D3B000E24B3A /* ErrorViewController.swift */; };
		30BB37C828B703DA002E58FB /* license-key.txt in Resources */ = {isa = PBXBuildFile; fileRef = 30BB37C128B703DA002E58FB /* license-key.txt */; };
		30BB37C928B703DA002E58FB /* nca_demo_visa_root.crt in Resources */ = {isa = PBXBuildFile; fileRef = 30BB37C328B703DA002E58FB /* nca_demo_visa_root.crt */; };
		30BB37CA28B703DA002E58FB /* nca_demo_mastercard_root.crt in Resources */ = {isa = PBXBuildFile; fileRef = 30BB37C428B703DA002E58FB /* nca_demo_mastercard_root.crt */; };
		30BB37CB28B703DA002E58FB /* DSsConfiguration.plist in Resources */ = {isa = PBXBuildFile; fileRef = 30BB37C528B703DA002E58FB /* DSsConfiguration.plist */; };
		30BB37CC28B703DA002E58FB /* nca_demo_mastercard_encryption.crt in Resources */ = {isa = PBXBuildFile; fileRef = 30BB37C628B703DA002E58FB /* nca_demo_mastercard_encryption.crt */; };
		30BB37CD28B703DA002E58FB /* nca_demo_visa_encryption.crt in Resources */ = {isa = PBXBuildFile; fileRef = 30BB37C728B703DA002E58FB /* nca_demo_visa_encryption.crt */; };
		30EB993928D41B850043E727 /* DemoAppService.swift in Sources */ = {isa = PBXBuildFile; fileRef = 30EB993828D41B850043E727 /* DemoAppService.swift */; };
		30EB993B28D4AD200043E727 /* ApiRequest.swift in Sources */ = {isa = PBXBuildFile; fileRef = 30EB993A28D4AD200043E727 /* ApiRequest.swift */; };
		30EB993D28D4AFAF0043E727 /* ApiSessionInfo.swift in Sources */ = {isa = PBXBuildFile; fileRef = 30EB993C28D4AFAF0043E727 /* ApiSessionInfo.swift */; };
		30EBBF9128F4C92500CDF317 /* MobileData.swift in Sources */ = {isa = PBXBuildFile; fileRef = 30EBBF9028F4C92500CDF317 /* MobileData.swift */; };
		30EBBF9328F4CA8400CDF317 /* SdkInterface.swift in Sources */ = {isa = PBXBuildFile; fileRef = 30EBBF9228F4CA8400CDF317 /* SdkInterface.swift */; };
		30EBBF9528F4CAD900CDF317 /* SdkUiType.swift in Sources */ = {isa = PBXBuildFile; fileRef = 30EBBF9428F4CAD900CDF317 /* SdkUiType.swift */; };
		30EBBF9728F4CB3E00CDF317 /* ApiException.swift in Sources */ = {isa = PBXBuildFile; fileRef = 30EBBF9628F4CB3E00CDF317 /* ApiException.swift */; };
		7CBD9B25895DA0A809803A6A /* Pods_Merchant3DSTests.framework in Frameworks */ = {isa = PBXBuildFile; fileRef = 053DB90ECAD350237F8078D4 /* Pods_Merchant3DSTests.framework */; };
		E49048334073EF7C2261EC91 /* Pods_Merchant3DS_Merchant3DSUITests.framework in Frameworks */ = {isa = PBXBuildFile; fileRef = 15712DFBA6307AE2C14D3F74 /* Pods_Merchant3DS_Merchant3DSUITests.framework */; };
		E7EBCA21DE559EAD89877BC4 /* Pods_Merchant3DS.framework in Frameworks */ = {isa = PBXBuildFile; fileRef = F2BAC3B17947A3E9A298FF9F /* Pods_Merchant3DS.framework */; };
/* End PBXBuildFile section */

/* Begin PBXContainerItemProxy section */
		3046C36E284916B100955E5A /* PBXContainerItemProxy */ = {
			isa = PBXContainerItemProxy;
			containerPortal = 3046C34F284916B000955E5A /* Project object */;
			proxyType = 1;
			remoteGlobalIDString = 3046C356284916B000955E5A;
			remoteInfo = Merchant3DS;
		};
		3046C378284916B100955E5A /* PBXContainerItemProxy */ = {
			isa = PBXContainerItemProxy;
			containerPortal = 3046C34F284916B000955E5A /* Project object */;
			proxyType = 1;
			remoteGlobalIDString = 3046C356284916B000955E5A;
			remoteInfo = Merchant3DS;
		};
/* End PBXContainerItemProxy section */

/* Begin PBXFileReference section */
		053DB90ECAD350237F8078D4 /* Pods_Merchant3DSTests.framework */ = {isa = PBXFileReference; explicitFileType = wrapper.framework; includeInIndex = 0; path = Pods_Merchant3DSTests.framework; sourceTree = BUILT_PRODUCTS_DIR; };
		15712DFBA6307AE2C14D3F74 /* Pods_Merchant3DS_Merchant3DSUITests.framework */ = {isa = PBXFileReference; explicitFileType = wrapper.framework; includeInIndex = 0; path = Pods_Merchant3DS_Merchant3DSUITests.framework; sourceTree = BUILT_PRODUCTS_DIR; };
		303B583628E1D62D0025BB7C /* CheckEnrollmentResponse.swift */ = {isa = PBXFileReference; lastKnownFileType = sourcecode.swift; path = CheckEnrollmentResponse.swift; sourceTree = "<group>"; };
		303B583828E1E94F0025BB7C /* AccessTokenResponse.swift */ = {isa = PBXFileReference; lastKnownFileType = sourcecode.swift; path = AccessTokenResponse.swift; sourceTree = "<group>"; };
		303B583A28E1EF970025BB7C /* AuthParamsResponse.swift */ = {isa = PBXFileReference; lastKnownFileType = sourcecode.swift; path = AuthParamsResponse.swift; sourceTree = "<group>"; };
		303B583C28E21D810025BB7C /* AuthDataResponse.swift */ = {isa = PBXFileReference; lastKnownFileType = sourcecode.swift; path = AuthDataResponse.swift; sourceTree = "<group>"; };
		303B583E28E21E110025BB7C /* TransactionResponse.swift */ = {isa = PBXFileReference; lastKnownFileType = sourcecode.swift; path = TransactionResponse.swift; sourceTree = "<group>"; };
		303B584028E243AE0025BB7C /* ThreeDSecureRequest.swift */ = {isa = PBXFileReference; lastKnownFileType = sourcecode.swift; path = ThreeDSecureRequest.swift; sourceTree = "<group>"; };
		303C9A7F28BF8ADD005F24C2 /* TransactionView.xib */ = {isa = PBXFileReference; lastKnownFileType = file.xib; path = TransactionView.xib; sourceTree = "<group>"; };
		3046C357284916B000955E5A /* Merchant3DS.app */ = {isa = PBXFileReference; explicitFileType = wrapper.application; includeInIndex = 0; path = Merchant3DS.app; sourceTree = BUILT_PRODUCTS_DIR; };
		3046C35A284916B000955E5A /* AppDelegate.swift */ = {isa = PBXFileReference; lastKnownFileType = sourcecode.swift; path = AppDelegate.swift; sourceTree = "<group>"; };
		3046C35E284916B000955E5A /* MerchantViewController.swift */ = {isa = PBXFileReference; lastKnownFileType = sourcecode.swift; path = MerchantViewController.swift; sourceTree = "<group>"; };
		3046C361284916B000955E5A /* Base */ = {isa = PBXFileReference; lastKnownFileType = file.storyboard; name = Base; path = Base.lproj/Merchant.storyboard; sourceTree = "<group>"; };
		3046C363284916B100955E5A /* Assets.xcassets */ = {isa = PBXFileReference; lastKnownFileType = folder.assetcatalog; path = Assets.xcassets; sourceTree = "<group>"; };
		3046C366284916B100955E5A /* Base */ = {isa = PBXFileReference; lastKnownFileType = file.storyboard; name = Base; path = Base.lproj/LaunchScreen.storyboard; sourceTree = "<group>"; };
		3046C368284916B100955E5A /* Info.plist */ = {isa = PBXFileReference; lastKnownFileType = text.plist.xml; path = Info.plist; sourceTree = "<group>"; };
		3046C36D284916B100955E5A /* Merchant3DSTests.xctest */ = {isa = PBXFileReference; explicitFileType = wrapper.cfbundle; includeInIndex = 0; path = Merchant3DSTests.xctest; sourceTree = BUILT_PRODUCTS_DIR; };
		3046C371284916B100955E5A /* Merchant3DSTests.swift */ = {isa = PBXFileReference; lastKnownFileType = sourcecode.swift; path = Merchant3DSTests.swift; sourceTree = "<group>"; };
		3046C377284916B100955E5A /* Merchant3DSUITests.xctest */ = {isa = PBXFileReference; explicitFileType = wrapper.cfbundle; includeInIndex = 0; path = Merchant3DSUITests.xctest; sourceTree = BUILT_PRODUCTS_DIR; };
		3046C37B284916B100955E5A /* Merchant3DSUITests.swift */ = {isa = PBXFileReference; lastKnownFileType = sourcecode.swift; path = Merchant3DSUITests.swift; sourceTree = "<group>"; };
		3046C37D284916B100955E5A /* Merchant3DSUITestsLaunchTests.swift */ = {isa = PBXFileReference; lastKnownFileType = sourcecode.swift; path = Merchant3DSUITestsLaunchTests.swift; sourceTree = "<group>"; };
		3046C38B2849179F00955E5A /* StoryboardInstantiable.swift */ = {isa = PBXFileReference; lastKnownFileType = sourcecode.swift; path = StoryboardInstantiable.swift; sourceTree = "<group>"; };
		3046C3922849186300955E5A /* ACSWebView.xib */ = {isa = PBXFileReference; lastKnownFileType = file.xib; path = ACSWebView.xib; sourceTree = "<group>"; };
		3046C3942849189200955E5A /* ACSWebView.swift */ = {isa = PBXFileReference; lastKnownFileType = sourcecode.swift; path = ACSWebView.swift; sourceTree = "<group>"; };
		3046C39728491BF600955E5A /* cardData.html */ = {isa = PBXFileReference; fileEncoding = 4; lastKnownFileType = text.html; path = cardData.html; sourceTree = "<group>"; };
		3046C3B02852D69400955E5A /* UIViewControllerExtensions.swift */ = {isa = PBXFileReference; lastKnownFileType = sourcecode.swift; path = UIViewControllerExtensions.swift; sourceTree = "<group>"; };
		3046C3B22852D6B300955E5A /* StringExtensions.swift */ = {isa = PBXFileReference; lastKnownFileType = sourcecode.swift; path = StringExtensions.swift; sourceTree = "<group>"; };
		3046C3B42852D6CB00955E5A /* Utils.swift */ = {isa = PBXFileReference; lastKnownFileType = sourcecode.swift; path = Utils.swift; sourceTree = "<group>"; };
		3046C3C32852D82700955E5A /* Mappable.swift */ = {isa = PBXFileReference; lastKnownFileType = sourcecode.swift; path = Mappable.swift; sourceTree = "<group>"; };
		3046C3C62852DAA200955E5A /* MerchantViewModel.swift */ = {isa = PBXFileReference; lastKnownFileType = sourcecode.swift; path = MerchantViewModel.swift; sourceTree = "<group>"; };
		3046C3C82852DC2800955E5A /* MerchantBuilder.swift */ = {isa = PBXFileReference; lastKnownFileType = sourcecode.swift; path = MerchantBuilder.swift; sourceTree = "<group>"; };
		3046C3D02852DDF100955E5A /* DropDown.swift */ = {isa = PBXFileReference; lastKnownFileType = sourcecode.swift; path = DropDown.swift; sourceTree = "<group>"; };
		3046C3D22852DE0E00955E5A /* DatePicker.swift */ = {isa = PBXFileReference; lastKnownFileType = sourcecode.swift; path = DatePicker.swift; sourceTree = "<group>"; };
		3046C3D82852DF1800955E5A /* en */ = {isa = PBXFileReference; lastKnownFileType = text.plist.strings; name = en; path = en.lproj/Localizable.strings; sourceTree = "<group>"; };
		304CD93B28B7B913007A82E2 /* PaymentDetailsUseCase.swift */ = {isa = PBXFileReference; lastKnownFileType = sourcecode.swift; path = PaymentDetailsUseCase.swift; sourceTree = "<group>"; };
		304CD94128B7B9A1007A82E2 /* AuthenticationResponse.swift */ = {isa = PBXFileReference; lastKnownFileType = sourcecode.swift; path = AuthenticationResponse.swift; sourceTree = "<group>"; };
		304CD94528B7B9E2007A82E2 /* Deserialisable.swift */ = {isa = PBXFileReference; lastKnownFileType = sourcecode.swift; path = Deserialisable.swift; sourceTree = "<group>"; };
		304CD95128B7BB09007A82E2 /* ErrorDescription.swift */ = {isa = PBXFileReference; lastKnownFileType = sourcecode.swift; path = ErrorDescription.swift; sourceTree = "<group>"; };
		304CD96528B7BD67007A82E2 /* ApiConstants.swift */ = {isa = PBXFileReference; lastKnownFileType = sourcecode.swift; path = ApiConstants.swift; sourceTree = "<group>"; };
		304CD96D28BDACBC007A82E2 /* StatusView.swift */ = {isa = PBXFileReference; lastKnownFileType = sourcecode.swift; path = StatusView.swift; sourceTree = "<group>"; };
		304CD96F28BDACE2007A82E2 /* AppChallengeStatusReceiver.swift */ = {isa = PBXFileReference; lastKnownFileType = sourcecode.swift; path = AppChallengeStatusReceiver.swift; sourceTree = "<group>"; };
		304CD97128BE702F007A82E2 /* acs2021.pem */ = {isa = PBXFileReference; fileEncoding = 4; lastKnownFileType = text; path = acs2021.pem; sourceTree = "<group>"; };
		305BAFB528D0276400A8D588 /* Gateway3ds.swift */ = {isa = PBXFileReference; lastKnownFileType = sourcecode.swift; path = Gateway3ds.swift; sourceTree = "<group>"; };
		305BAFB728D02C5900A8D588 /* RestGateway3ds.swift */ = {isa = PBXFileReference; lastKnownFileType = sourcecode.swift; path = RestGateway3ds.swift; sourceTree = "<group>"; };
		305BAFB928D02CC400A8D588 /* JsonUtils.swift */ = {isa = PBXFileReference; lastKnownFileType = sourcecode.swift; path = JsonUtils.swift; sourceTree = "<group>"; };
		305BAFBB28D02D0400A8D588 /* GatewayException.swift */ = {isa = PBXFileReference; lastKnownFileType = sourcecode.swift; path = GatewayException.swift; sourceTree = "<group>"; };
		305BAFBD28D02EE100A8D588 /* ApiConnector.swift */ = {isa = PBXFileReference; lastKnownFileType = sourcecode.swift; path = ApiConnector.swift; sourceTree = "<group>"; };
		305BAFBF28D0306600A8D588 /* ServicesContainer.swift */ = {isa = PBXFileReference; lastKnownFileType = sourcecode.swift; path = ServicesContainer.swift; sourceTree = "<group>"; };
		3068B39F28A68B7D004C7888 /* script.js */ = {isa = PBXFileReference; fileEncoding = 4; lastKnownFileType = sourcecode.javascript; path = script.js; sourceTree = "<group>"; };
		3068B3A228AEB821004C7888 /* AmountViewController.swift */ = {isa = PBXFileReference; lastKnownFileType = sourcecode.swift; path = AmountViewController.swift; sourceTree = "<group>"; };
		3068B3A428AEB865004C7888 /* Amount.storyboard */ = {isa = PBXFileReference; lastKnownFileType = file.storyboard; path = Amount.storyboard; sourceTree = "<group>"; };
		3068B3A628AEB9B8004C7888 /* AmountBuilder.swift */ = {isa = PBXFileReference; lastKnownFileType = sourcecode.swift; path = AmountBuilder.swift; sourceTree = "<group>"; };
		3068B3AB28B6D0BA004C7888 /* InitializationUseCase.swift */ = {isa = PBXFileReference; lastKnownFileType = sourcecode.swift; path = InitializationUseCase.swift; sourceTree = "<group>"; };
		3068B3AD28B6D0E8004C7888 /* InitializationUseCaseImplementation.swift */ = {isa = PBXFileReference; lastKnownFileType = sourcecode.swift; path = InitializationUseCaseImplementation.swift; sourceTree = "<group>"; };
		3070765728B6D42D00E569D0 /* AppBootstraper.swift */ = {isa = PBXFileReference; lastKnownFileType = sourcecode.swift; path = AppBootstraper.swift; sourceTree = "<group>"; };
		3096EA0C296E02A400E24B3A /* artwork_product.jpeg */ = {isa = PBXFileReference; lastKnownFileType = image.jpeg; path = artwork_product.jpeg; sourceTree = "<group>"; };
		3096EA0F2976CE7800E24B3A /* Success.storyboard */ = {isa = PBXFileReference; lastKnownFileType = file.storyboard; path = Success.storyboard; sourceTree = "<group>"; };
		3096EA122976D22A00E24B3A /* Error.storyboard */ = {isa = PBXFileReference; lastKnownFileType = file.storyboard; path = Error.storyboard; sourceTree = "<group>"; };
		3096EA142976D37900E24B3A /* SuccessViewController.swift */ = {isa = PBXFileReference; lastKnownFileType = sourcecode.swift; path = SuccessViewController.swift; sourceTree = "<group>"; };
		3096EA162976D3B000E24B3A /* ErrorViewController.swift */ = {isa = PBXFileReference; lastKnownFileType = sourcecode.swift; path = ErrorViewController.swift; sourceTree = "<group>"; };
		30BB37C128B703DA002E58FB /* license-key.txt */ = {isa = PBXFileReference; fileEncoding = 4; lastKnownFileType = text; path = "license-key.txt"; sourceTree = "<group>"; };
		30BB37C328B703DA002E58FB /* nca_demo_visa_root.crt */ = {isa = PBXFileReference; fileEncoding = 4; lastKnownFileType = text; path = nca_demo_visa_root.crt; sourceTree = "<group>"; };
		30BB37C428B703DA002E58FB /* nca_demo_mastercard_root.crt */ = {isa = PBXFileReference; fileEncoding = 4; lastKnownFileType = text; path = nca_demo_mastercard_root.crt; sourceTree = "<group>"; };
		30BB37C528B703DA002E58FB /* DSsConfiguration.plist */ = {isa = PBXFileReference; fileEncoding = 4; lastKnownFileType = text.plist.xml; path = DSsConfiguration.plist; sourceTree = "<group>"; };
		30BB37C628B703DA002E58FB /* nca_demo_mastercard_encryption.crt */ = {isa = PBXFileReference; fileEncoding = 4; lastKnownFileType = text; path = nca_demo_mastercard_encryption.crt; sourceTree = "<group>"; };
		30BB37C728B703DA002E58FB /* nca_demo_visa_encryption.crt */ = {isa = PBXFileReference; fileEncoding = 4; lastKnownFileType = text; path = nca_demo_visa_encryption.crt; sourceTree = "<group>"; };
		30EB993828D41B850043E727 /* DemoAppService.swift */ = {isa = PBXFileReference; lastKnownFileType = sourcecode.swift; path = DemoAppService.swift; sourceTree = "<group>"; };
		30EB993A28D4AD200043E727 /* ApiRequest.swift */ = {isa = PBXFileReference; lastKnownFileType = sourcecode.swift; path = ApiRequest.swift; sourceTree = "<group>"; };
		30EB993C28D4AFAF0043E727 /* ApiSessionInfo.swift */ = {isa = PBXFileReference; lastKnownFileType = sourcecode.swift; path = ApiSessionInfo.swift; sourceTree = "<group>"; };
		30EBBF9028F4C92500CDF317 /* MobileData.swift */ = {isa = PBXFileReference; lastKnownFileType = sourcecode.swift; path = MobileData.swift; sourceTree = "<group>"; };
		30EBBF9228F4CA8400CDF317 /* SdkInterface.swift */ = {isa = PBXFileReference; lastKnownFileType = sourcecode.swift; path = SdkInterface.swift; sourceTree = "<group>"; };
		30EBBF9428F4CAD900CDF317 /* SdkUiType.swift */ = {isa = PBXFileReference; lastKnownFileType = sourcecode.swift; path = SdkUiType.swift; sourceTree = "<group>"; };
		30EBBF9628F4CB3E00CDF317 /* ApiException.swift */ = {isa = PBXFileReference; lastKnownFileType = sourcecode.swift; path = ApiException.swift; sourceTree = "<group>"; };
		4849066BB09BCE76919178D4 /* Pods-Merchant3DS.release.xcconfig */ = {isa = PBXFileReference; includeInIndex = 1; lastKnownFileType = text.xcconfig; name = "Pods-Merchant3DS.release.xcconfig"; path = "Target Support Files/Pods-Merchant3DS/Pods-Merchant3DS.release.xcconfig"; sourceTree = "<group>"; };
		4F53DDF743ECB0885367827B /* Pods-Merchant3DS.debug.xcconfig */ = {isa = PBXFileReference; includeInIndex = 1; lastKnownFileType = text.xcconfig; name = "Pods-Merchant3DS.debug.xcconfig"; path = "Target Support Files/Pods-Merchant3DS/Pods-Merchant3DS.debug.xcconfig"; sourceTree = "<group>"; };
		55890EDF8796A2989D7B099B /* Pods-Merchant3DS-Merchant3DSUITests.debug.xcconfig */ = {isa = PBXFileReference; includeInIndex = 1; lastKnownFileType = text.xcconfig; name = "Pods-Merchant3DS-Merchant3DSUITests.debug.xcconfig"; path = "Target Support Files/Pods-Merchant3DS-Merchant3DSUITests/Pods-Merchant3DS-Merchant3DSUITests.debug.xcconfig"; sourceTree = "<group>"; };
		991589ECEC01CA1A51E9336D /* Pods-Merchant3DSTests.debug.xcconfig */ = {isa = PBXFileReference; includeInIndex = 1; lastKnownFileType = text.xcconfig; name = "Pods-Merchant3DSTests.debug.xcconfig"; path = "Target Support Files/Pods-Merchant3DSTests/Pods-Merchant3DSTests.debug.xcconfig"; sourceTree = "<group>"; };
		A7C9363C077902660F310B5D /* Pods-Merchant3DS-Merchant3DSUITests.release.xcconfig */ = {isa = PBXFileReference; includeInIndex = 1; lastKnownFileType = text.xcconfig; name = "Pods-Merchant3DS-Merchant3DSUITests.release.xcconfig"; path = "Target Support Files/Pods-Merchant3DS-Merchant3DSUITests/Pods-Merchant3DS-Merchant3DSUITests.release.xcconfig"; sourceTree = "<group>"; };
		DD7B7E079D8109F854D0CBE9 /* Pods-Merchant3DSTests.release.xcconfig */ = {isa = PBXFileReference; includeInIndex = 1; lastKnownFileType = text.xcconfig; name = "Pods-Merchant3DSTests.release.xcconfig"; path = "Target Support Files/Pods-Merchant3DSTests/Pods-Merchant3DSTests.release.xcconfig"; sourceTree = "<group>"; };
		F2BAC3B17947A3E9A298FF9F /* Pods_Merchant3DS.framework */ = {isa = PBXFileReference; explicitFileType = wrapper.framework; includeInIndex = 0; path = Pods_Merchant3DS.framework; sourceTree = BUILT_PRODUCTS_DIR; };
/* End PBXFileReference section */

/* Begin PBXFrameworksBuildPhase section */
		3046C354284916B000955E5A /* Frameworks */ = {
			isa = PBXFrameworksBuildPhase;
			buildActionMask = 2147483647;
			files = (
				E7EBCA21DE559EAD89877BC4 /* Pods_Merchant3DS.framework in Frameworks */,
			);
			runOnlyForDeploymentPostprocessing = 0;
		};
		3046C36A284916B100955E5A /* Frameworks */ = {
			isa = PBXFrameworksBuildPhase;
			buildActionMask = 2147483647;
			files = (
				7CBD9B25895DA0A809803A6A /* Pods_Merchant3DSTests.framework in Frameworks */,
			);
			runOnlyForDeploymentPostprocessing = 0;
		};
		3046C374284916B100955E5A /* Frameworks */ = {
			isa = PBXFrameworksBuildPhase;
			buildActionMask = 2147483647;
			files = (
				E49048334073EF7C2261EC91 /* Pods_Merchant3DS_Merchant3DSUITests.framework in Frameworks */,
			);
			runOnlyForDeploymentPostprocessing = 0;
		};
/* End PBXFrameworksBuildPhase section */

/* Begin PBXGroup section */
		3046C34E284916B000955E5A = {
			isa = PBXGroup;
			children = (
				3046C359284916B000955E5A /* Merchant3DS */,
				3046C370284916B100955E5A /* Merchant3DSTests */,
				3046C37A284916B100955E5A /* Merchant3DSUITests */,
				3046C358284916B000955E5A /* Products */,
				5E947B3EC7B5E4EAEC22BC50 /* Frameworks */,
				A84DD15C02CA5EA39D33F078 /* Pods */,
			);
			sourceTree = "<group>";
		};
		3046C358284916B000955E5A /* Products */ = {
			isa = PBXGroup;
			children = (
				3046C357284916B000955E5A /* Merchant3DS.app */,
				3046C36D284916B100955E5A /* Merchant3DSTests.xctest */,
				3046C377284916B100955E5A /* Merchant3DSUITests.xctest */,
			);
			name = Products;
			sourceTree = "<group>";
		};
		3046C359284916B000955E5A /* Merchant3DS */ = {
			isa = PBXGroup;
			children = (
				304CD95528B7BB9F007A82E2 /* Models */,
				304CD94028B7B995007A82E2 /* Response */,
				304CD93D28B7B960007A82E2 /* Gateway */,
				3068B3AA28B6D077004C7888 /* Initialization */,
				3046C3C22852D81F00955E5A /* Enums */,
				3046C39628491BCF00955E5A /* Resources */,
				3046C38D284917B700955E5A /* Modules */,
				3046C38A2849178A00955E5A /* Utils */,
				3046C35A284916B000955E5A /* AppDelegate.swift */,
				3046C365284916B100955E5A /* LaunchScreen.storyboard */,
				3046C368284916B100955E5A /* Info.plist */,
			);
			path = Merchant3DS;
			sourceTree = "<group>";
		};
		3046C370284916B100955E5A /* Merchant3DSTests */ = {
			isa = PBXGroup;
			children = (
				3046C371284916B100955E5A /* Merchant3DSTests.swift */,
			);
			path = Merchant3DSTests;
			sourceTree = "<group>";
		};
		3046C37A284916B100955E5A /* Merchant3DSUITests */ = {
			isa = PBXGroup;
			children = (
				3046C37B284916B100955E5A /* Merchant3DSUITests.swift */,
				3046C37D284916B100955E5A /* Merchant3DSUITestsLaunchTests.swift */,
			);
			path = Merchant3DSUITests;
			sourceTree = "<group>";
		};
		3046C38A2849178A00955E5A /* Utils */ = {
			isa = PBXGroup;
			children = (
				3046C38B2849179F00955E5A /* StoryboardInstantiable.swift */,
				3046C3B02852D69400955E5A /* UIViewControllerExtensions.swift */,
				3046C3B22852D6B300955E5A /* StringExtensions.swift */,
				3046C3B42852D6CB00955E5A /* Utils.swift */,
				304CD95128B7BB09007A82E2 /* ErrorDescription.swift */,
				304CD96D28BDACBC007A82E2 /* StatusView.swift */,
				304CD96F28BDACE2007A82E2 /* AppChallengeStatusReceiver.swift */,
				305BAFB928D02CC400A8D588 /* JsonUtils.swift */,
				3070765728B6D42D00E569D0 /* AppBootstraper.swift */,
			);
			path = Utils;
			sourceTree = "<group>";
		};
		3046C38D284917B700955E5A /* Modules */ = {
			isa = PBXGroup;
			children = (
				3096EA112976D21D00E24B3A /* Error */,
				3096EA0E2976CE3D00E24B3A /* Success */,
				3068B3A128AEB7EC004C7888 /* Amount */,
				3046C3CF2852DDE700955E5A /* Components */,
				3046C3C52852DA8400955E5A /* Merchant */,
				3046C38E284917D800955E5A /* CardData */,
			);
			path = Modules;
			sourceTree = "<group>";
		};
		3046C38E284917D800955E5A /* CardData */ = {
			isa = PBXGroup;
			children = (
				3046C38F284917F300955E5A /* View */,
			);
			path = CardData;
			sourceTree = "<group>";
		};
		3046C38F284917F300955E5A /* View */ = {
			isa = PBXGroup;
			children = (
				3046C3922849186300955E5A /* ACSWebView.xib */,
				3046C3942849189200955E5A /* ACSWebView.swift */,
			);
			path = View;
			sourceTree = "<group>";
		};
		3046C39628491BCF00955E5A /* Resources */ = {
			isa = PBXGroup;
			children = (
				3096EA0C296E02A400E24B3A /* artwork_product.jpeg */,
				304CD97128BE702F007A82E2 /* acs2021.pem */,
				30BB37C028B703DA002E58FB /* DSsPublicKeys */,
				3068B39F28A68B7D004C7888 /* script.js */,
				3046C363284916B100955E5A /* Assets.xcassets */,
				3046C39728491BF600955E5A /* cardData.html */,
				3046C3D92852DF1800955E5A /* Localizable.strings */,
			);
			path = Resources;
			sourceTree = "<group>";
		};
		3046C3C22852D81F00955E5A /* Enums */ = {
			isa = PBXGroup;
			children = (
				30EBBF9428F4CAD900CDF317 /* SdkUiType.swift */,
				30EBBF9228F4CA8400CDF317 /* SdkInterface.swift */,
				3046C3C32852D82700955E5A /* Mappable.swift */,
			);
			path = Enums;
			sourceTree = "<group>";
		};
		3046C3C52852DA8400955E5A /* Merchant */ = {
			isa = PBXGroup;
			children = (
				3046C3C62852DAA200955E5A /* MerchantViewModel.swift */,
				3046C35E284916B000955E5A /* MerchantViewController.swift */,
				3046C3C82852DC2800955E5A /* MerchantBuilder.swift */,
				3046C360284916B000955E5A /* Merchant.storyboard */,
				304CD93B28B7B913007A82E2 /* PaymentDetailsUseCase.swift */,
			);
			path = Merchant;
			sourceTree = "<group>";
		};
		3046C3CF2852DDE700955E5A /* Components */ = {
			isa = PBXGroup;
			children = (
				3046C3D02852DDF100955E5A /* DropDown.swift */,
				3046C3D22852DE0E00955E5A /* DatePicker.swift */,
				303C9A7F28BF8ADD005F24C2 /* TransactionView.xib */,
			);
			path = Components;
			sourceTree = "<group>";
		};
		304CD93D28B7B960007A82E2 /* Gateway */ = {
			isa = PBXGroup;
			children = (
				304CD95828B7BBC1007A82E2 /* Request */,
				305BAFB528D0276400A8D588 /* Gateway3ds.swift */,
				305BAFB728D02C5900A8D588 /* RestGateway3ds.swift */,
				305BAFBB28D02D0400A8D588 /* GatewayException.swift */,
				305BAFBD28D02EE100A8D588 /* ApiConnector.swift */,
				305BAFBF28D0306600A8D588 /* ServicesContainer.swift */,
				30EB993828D41B850043E727 /* DemoAppService.swift */,
			);
			path = Gateway;
			sourceTree = "<group>";
		};
		304CD94028B7B995007A82E2 /* Response */ = {
			isa = PBXGroup;
			children = (
				304CD94128B7B9A1007A82E2 /* AuthenticationResponse.swift */,
				304CD94528B7B9E2007A82E2 /* Deserialisable.swift */,
				303B583628E1D62D0025BB7C /* CheckEnrollmentResponse.swift */,
				303B583828E1E94F0025BB7C /* AccessTokenResponse.swift */,
				303B583A28E1EF970025BB7C /* AuthParamsResponse.swift */,
				303B583C28E21D810025BB7C /* AuthDataResponse.swift */,
				303B583E28E21E110025BB7C /* TransactionResponse.swift */,
			);
			path = Response;
			sourceTree = "<group>";
		};
		304CD95528B7BB9F007A82E2 /* Models */ = {
			isa = PBXGroup;
			children = (
				30EBBF9028F4C92500CDF317 /* MobileData.swift */,
			);
			path = Models;
			sourceTree = "<group>";
		};
		304CD95828B7BBC1007A82E2 /* Request */ = {
			isa = PBXGroup;
			children = (
				304CD96528B7BD67007A82E2 /* ApiConstants.swift */,
				30EB993A28D4AD200043E727 /* ApiRequest.swift */,
				30EB993C28D4AFAF0043E727 /* ApiSessionInfo.swift */,
				303B584028E243AE0025BB7C /* ThreeDSecureRequest.swift */,
				30EBBF9628F4CB3E00CDF317 /* ApiException.swift */,
			);
			path = Request;
			sourceTree = "<group>";
		};
		3068B3A128AEB7EC004C7888 /* Amount */ = {
			isa = PBXGroup;
			children = (
				3068B3A228AEB821004C7888 /* AmountViewController.swift */,
				3068B3A428AEB865004C7888 /* Amount.storyboard */,
				3068B3A628AEB9B8004C7888 /* AmountBuilder.swift */,
			);
			path = Amount;
			sourceTree = "<group>";
		};
		3068B3AA28B6D077004C7888 /* Initialization */ = {
			isa = PBXGroup;
			children = (
				3068B3AB28B6D0BA004C7888 /* InitializationUseCase.swift */,
				3068B3AD28B6D0E8004C7888 /* InitializationUseCaseImplementation.swift */,
			);
			path = Initialization;
			sourceTree = "<group>";
		};
		3096EA0E2976CE3D00E24B3A /* Success */ = {
			isa = PBXGroup;
			children = (
				3096EA0F2976CE7800E24B3A /* Success.storyboard */,
				3096EA142976D37900E24B3A /* SuccessViewController.swift */,
			);
			path = Success;
			sourceTree = "<group>";
		};
		3096EA112976D21D00E24B3A /* Error */ = {
			isa = PBXGroup;
			children = (
				3096EA122976D22A00E24B3A /* Error.storyboard */,
				3096EA162976D3B000E24B3A /* ErrorViewController.swift */,
			);
			path = Error;
			sourceTree = "<group>";
		};
		30BB37C028B703DA002E58FB /* DSsPublicKeys */ = {
			isa = PBXGroup;
			children = (
				30BB37C128B703DA002E58FB /* license-key.txt */,
				30BB37C228B703DA002E58FB /* rootCertificates */,
				30BB37C528B703DA002E58FB /* DSsConfiguration.plist */,
				30BB37C628B703DA002E58FB /* nca_demo_mastercard_encryption.crt */,
				30BB37C728B703DA002E58FB /* nca_demo_visa_encryption.crt */,
			);
			path = DSsPublicKeys;
			sourceTree = "<group>";
		};
		30BB37C228B703DA002E58FB /* rootCertificates */ = {
			isa = PBXGroup;
			children = (
				30BB37C328B703DA002E58FB /* nca_demo_visa_root.crt */,
				30BB37C428B703DA002E58FB /* nca_demo_mastercard_root.crt */,
			);
			path = rootCertificates;
			sourceTree = "<group>";
		};
		5E947B3EC7B5E4EAEC22BC50 /* Frameworks */ = {
			isa = PBXGroup;
			children = (
				F2BAC3B17947A3E9A298FF9F /* Pods_Merchant3DS.framework */,
				15712DFBA6307AE2C14D3F74 /* Pods_Merchant3DS_Merchant3DSUITests.framework */,
				053DB90ECAD350237F8078D4 /* Pods_Merchant3DSTests.framework */,
			);
			name = Frameworks;
			sourceTree = "<group>";
		};
		A84DD15C02CA5EA39D33F078 /* Pods */ = {
			isa = PBXGroup;
			children = (
				4F53DDF743ECB0885367827B /* Pods-Merchant3DS.debug.xcconfig */,
				4849066BB09BCE76919178D4 /* Pods-Merchant3DS.release.xcconfig */,
				55890EDF8796A2989D7B099B /* Pods-Merchant3DS-Merchant3DSUITests.debug.xcconfig */,
				A7C9363C077902660F310B5D /* Pods-Merchant3DS-Merchant3DSUITests.release.xcconfig */,
				991589ECEC01CA1A51E9336D /* Pods-Merchant3DSTests.debug.xcconfig */,
				DD7B7E079D8109F854D0CBE9 /* Pods-Merchant3DSTests.release.xcconfig */,
			);
			path = Pods;
			sourceTree = "<group>";
		};
/* End PBXGroup section */

/* Begin PBXNativeTarget section */
		3046C356284916B000955E5A /* Merchant3DS */ = {
			isa = PBXNativeTarget;
			buildConfigurationList = 3046C381284916B100955E5A /* Build configuration list for PBXNativeTarget "Merchant3DS" */;
			buildPhases = (
				03D8C538E8F0AC42917434AC /* [CP] Check Pods Manifest.lock */,
				3046C353284916B000955E5A /* Sources */,
				3046C354284916B000955E5A /* Frameworks */,
				3046C355284916B000955E5A /* Resources */,
				93C26911071969888CFB2E4B /* [CP] Embed Pods Frameworks */,
			);
			buildRules = (
			);
			dependencies = (
			);
			name = Merchant3DS;
			productName = Merchant3DS;
			productReference = 3046C357284916B000955E5A /* Merchant3DS.app */;
			productType = "com.apple.product-type.application";
		};
		3046C36C284916B100955E5A /* Merchant3DSTests */ = {
			isa = PBXNativeTarget;
			buildConfigurationList = 3046C384284916B100955E5A /* Build configuration list for PBXNativeTarget "Merchant3DSTests" */;
			buildPhases = (
				5D481E928EBBA2521859441C /* [CP] Check Pods Manifest.lock */,
				3046C369284916B100955E5A /* Sources */,
				3046C36A284916B100955E5A /* Frameworks */,
				3046C36B284916B100955E5A /* Resources */,
			);
			buildRules = (
			);
			dependencies = (
				3046C36F284916B100955E5A /* PBXTargetDependency */,
			);
			name = Merchant3DSTests;
			productName = Merchant3DSTests;
			productReference = 3046C36D284916B100955E5A /* Merchant3DSTests.xctest */;
			productType = "com.apple.product-type.bundle.unit-test";
		};
		3046C376284916B100955E5A /* Merchant3DSUITests */ = {
			isa = PBXNativeTarget;
			buildConfigurationList = 3046C387284916B100955E5A /* Build configuration list for PBXNativeTarget "Merchant3DSUITests" */;
			buildPhases = (
				404A0F9B58A72830D12C7CB4 /* [CP] Check Pods Manifest.lock */,
				3046C373284916B100955E5A /* Sources */,
				3046C374284916B100955E5A /* Frameworks */,
				3046C375284916B100955E5A /* Resources */,
				80712C1E89BBE6A5E2780C48 /* [CP] Embed Pods Frameworks */,
			);
			buildRules = (
			);
			dependencies = (
				3046C379284916B100955E5A /* PBXTargetDependency */,
			);
			name = Merchant3DSUITests;
			productName = Merchant3DSUITests;
			productReference = 3046C377284916B100955E5A /* Merchant3DSUITests.xctest */;
			productType = "com.apple.product-type.bundle.ui-testing";
		};
/* End PBXNativeTarget section */

/* Begin PBXProject section */
		3046C34F284916B000955E5A /* Project object */ = {
			isa = PBXProject;
			attributes = {
				BuildIndependentTargetsInParallel = 1;
				LastSwiftUpdateCheck = 1340;
				LastUpgradeCheck = 1340;
				TargetAttributes = {
					3046C356284916B000955E5A = {
						CreatedOnToolsVersion = 13.4;
					};
					3046C36C284916B100955E5A = {
						CreatedOnToolsVersion = 13.4;
						TestTargetID = 3046C356284916B000955E5A;
					};
					3046C376284916B100955E5A = {
						CreatedOnToolsVersion = 13.4;
						TestTargetID = 3046C356284916B000955E5A;
					};
				};
			};
			buildConfigurationList = 3046C352284916B000955E5A /* Build configuration list for PBXProject "Merchant3DS" */;
			compatibilityVersion = "Xcode 13.0";
			developmentRegion = en;
			hasScannedForEncodings = 0;
			knownRegions = (
				en,
				Base,
			);
			mainGroup = 3046C34E284916B000955E5A;
			productRefGroup = 3046C358284916B000955E5A /* Products */;
			projectDirPath = "";
			projectRoot = "";
			targets = (
				3046C356284916B000955E5A /* Merchant3DS */,
				3046C36C284916B100955E5A /* Merchant3DSTests */,
				3046C376284916B100955E5A /* Merchant3DSUITests */,
			);
		};
/* End PBXProject section */

/* Begin PBXResourcesBuildPhase section */
		3046C355284916B000955E5A /* Resources */ = {
			isa = PBXResourcesBuildPhase;
			buildActionMask = 2147483647;
			files = (
				3046C39828491BF600955E5A /* cardData.html in Resources */,
				3068B3A028A68B7D004C7888 /* script.js in Resources */,
				3096EA102976CE7800E24B3A /* Success.storyboard in Resources */,
				3046C367284916B100955E5A /* LaunchScreen.storyboard in Resources */,
				3046C364284916B100955E5A /* Assets.xcassets in Resources */,
				30BB37CD28B703DA002E58FB /* nca_demo_visa_encryption.crt in Resources */,
				3096EA0D296E02A400E24B3A /* artwork_product.jpeg in Resources */,
				3046C3D72852DF1800955E5A /* Localizable.strings in Resources */,
				30BB37CB28B703DA002E58FB /* DSsConfiguration.plist in Resources */,
				3096EA132976D22A00E24B3A /* Error.storyboard in Resources */,
				304CD97228BE702F007A82E2 /* acs2021.pem in Resources */,
				3068B3A528AEB865004C7888 /* Amount.storyboard in Resources */,
				30BB37C928B703DA002E58FB /* nca_demo_visa_root.crt in Resources */,
				3046C362284916B000955E5A /* Merchant.storyboard in Resources */,
				303C9A8028BF8ADD005F24C2 /* TransactionView.xib in Resources */,
				30BB37CC28B703DA002E58FB /* nca_demo_mastercard_encryption.crt in Resources */,
				30BB37CA28B703DA002E58FB /* nca_demo_mastercard_root.crt in Resources */,
				30BB37C828B703DA002E58FB /* license-key.txt in Resources */,
				3046C3932849186300955E5A /* ACSWebView.xib in Resources */,
			);
			runOnlyForDeploymentPostprocessing = 0;
		};
		3046C36B284916B100955E5A /* Resources */ = {
			isa = PBXResourcesBuildPhase;
			buildActionMask = 2147483647;
			files = (
			);
			runOnlyForDeploymentPostprocessing = 0;
		};
		3046C375284916B100955E5A /* Resources */ = {
			isa = PBXResourcesBuildPhase;
			buildActionMask = 2147483647;
			files = (
			);
			runOnlyForDeploymentPostprocessing = 0;
		};
/* End PBXResourcesBuildPhase section */

/* Begin PBXShellScriptBuildPhase section */
		03D8C538E8F0AC42917434AC /* [CP] Check Pods Manifest.lock */ = {
			isa = PBXShellScriptBuildPhase;
			buildActionMask = 2147483647;
			files = (
			);
			inputFileListPaths = (
			);
			inputPaths = (
				"${PODS_PODFILE_DIR_PATH}/Podfile.lock",
				"${PODS_ROOT}/Manifest.lock",
			);
			name = "[CP] Check Pods Manifest.lock";
			outputFileListPaths = (
			);
			outputPaths = (
				"$(DERIVED_FILE_DIR)/Pods-Merchant3DS-checkManifestLockResult.txt",
			);
			runOnlyForDeploymentPostprocessing = 0;
			shellPath = /bin/sh;
			shellScript = "diff \"${PODS_PODFILE_DIR_PATH}/Podfile.lock\" \"${PODS_ROOT}/Manifest.lock\" > /dev/null\nif [ $? != 0 ] ; then\n    # print error to STDERR\n    echo \"error: The sandbox is not in sync with the Podfile.lock. Run 'pod install' or update your CocoaPods installation.\" >&2\n    exit 1\nfi\n# This output is used by Xcode 'outputs' to avoid re-running this script phase.\necho \"SUCCESS\" > \"${SCRIPT_OUTPUT_FILE_0}\"\n";
			showEnvVarsInLog = 0;
		};
		404A0F9B58A72830D12C7CB4 /* [CP] Check Pods Manifest.lock */ = {
			isa = PBXShellScriptBuildPhase;
			buildActionMask = 2147483647;
			files = (
			);
			inputFileListPaths = (
			);
			inputPaths = (
				"${PODS_PODFILE_DIR_PATH}/Podfile.lock",
				"${PODS_ROOT}/Manifest.lock",
			);
			name = "[CP] Check Pods Manifest.lock";
			outputFileListPaths = (
			);
			outputPaths = (
				"$(DERIVED_FILE_DIR)/Pods-Merchant3DS-Merchant3DSUITests-checkManifestLockResult.txt",
			);
			runOnlyForDeploymentPostprocessing = 0;
			shellPath = /bin/sh;
			shellScript = "diff \"${PODS_PODFILE_DIR_PATH}/Podfile.lock\" \"${PODS_ROOT}/Manifest.lock\" > /dev/null\nif [ $? != 0 ] ; then\n    # print error to STDERR\n    echo \"error: The sandbox is not in sync with the Podfile.lock. Run 'pod install' or update your CocoaPods installation.\" >&2\n    exit 1\nfi\n# This output is used by Xcode 'outputs' to avoid re-running this script phase.\necho \"SUCCESS\" > \"${SCRIPT_OUTPUT_FILE_0}\"\n";
			showEnvVarsInLog = 0;
		};
		5D481E928EBBA2521859441C /* [CP] Check Pods Manifest.lock */ = {
			isa = PBXShellScriptBuildPhase;
			buildActionMask = 2147483647;
			files = (
			);
			inputFileListPaths = (
			);
			inputPaths = (
				"${PODS_PODFILE_DIR_PATH}/Podfile.lock",
				"${PODS_ROOT}/Manifest.lock",
			);
			name = "[CP] Check Pods Manifest.lock";
			outputFileListPaths = (
			);
			outputPaths = (
				"$(DERIVED_FILE_DIR)/Pods-Merchant3DSTests-checkManifestLockResult.txt",
			);
			runOnlyForDeploymentPostprocessing = 0;
			shellPath = /bin/sh;
			shellScript = "diff \"${PODS_PODFILE_DIR_PATH}/Podfile.lock\" \"${PODS_ROOT}/Manifest.lock\" > /dev/null\nif [ $? != 0 ] ; then\n    # print error to STDERR\n    echo \"error: The sandbox is not in sync with the Podfile.lock. Run 'pod install' or update your CocoaPods installation.\" >&2\n    exit 1\nfi\n# This output is used by Xcode 'outputs' to avoid re-running this script phase.\necho \"SUCCESS\" > \"${SCRIPT_OUTPUT_FILE_0}\"\n";
			showEnvVarsInLog = 0;
		};
		80712C1E89BBE6A5E2780C48 /* [CP] Embed Pods Frameworks */ = {
			isa = PBXShellScriptBuildPhase;
			buildActionMask = 2147483647;
			files = (
			);
			inputFileListPaths = (
				"${PODS_ROOT}/Target Support Files/Pods-Merchant3DS-Merchant3DSUITests/Pods-Merchant3DS-Merchant3DSUITests-frameworks-${CONFIGURATION}-input-files.xcfilelist",
			);
			name = "[CP] Embed Pods Frameworks";
			outputFileListPaths = (
				"${PODS_ROOT}/Target Support Files/Pods-Merchant3DS-Merchant3DSUITests/Pods-Merchant3DS-Merchant3DSUITests-frameworks-${CONFIGURATION}-output-files.xcfilelist",
			);
			runOnlyForDeploymentPostprocessing = 0;
			shellPath = /bin/sh;
			shellScript = "\"${PODS_ROOT}/Target Support Files/Pods-Merchant3DS-Merchant3DSUITests/Pods-Merchant3DS-Merchant3DSUITests-frameworks.sh\"\n";
			showEnvVarsInLog = 0;
		};
		93C26911071969888CFB2E4B /* [CP] Embed Pods Frameworks */ = {
			isa = PBXShellScriptBuildPhase;
			buildActionMask = 2147483647;
			files = (
			);
			inputFileListPaths = (
				"${PODS_ROOT}/Target Support Files/Pods-Merchant3DS/Pods-Merchant3DS-frameworks-${CONFIGURATION}-input-files.xcfilelist",
			);
			name = "[CP] Embed Pods Frameworks";
			outputFileListPaths = (
				"${PODS_ROOT}/Target Support Files/Pods-Merchant3DS/Pods-Merchant3DS-frameworks-${CONFIGURATION}-output-files.xcfilelist",
			);
			runOnlyForDeploymentPostprocessing = 0;
			shellPath = /bin/sh;
			shellScript = "\"${PODS_ROOT}/Target Support Files/Pods-Merchant3DS/Pods-Merchant3DS-frameworks.sh\"\n";
			showEnvVarsInLog = 0;
		};
/* End PBXShellScriptBuildPhase section */

/* Begin PBXSourcesBuildPhase section */
		3046C353284916B000955E5A /* Sources */ = {
			isa = PBXSourcesBuildPhase;
			buildActionMask = 2147483647;
			files = (
				3046C3B12852D69400955E5A /* UIViewControllerExtensions.swift in Sources */,
				305BAFB628D0276400A8D588 /* Gateway3ds.swift in Sources */,
				3068B3AE28B6D0E8004C7888 /* InitializationUseCaseImplementation.swift in Sources */,
				3068B3AC28B6D0BA004C7888 /* InitializationUseCase.swift in Sources */,
				304CD95228B7BB09007A82E2 /* ErrorDescription.swift in Sources */,
				3096EA152976D37900E24B3A /* SuccessViewController.swift in Sources */,
				3046C35F284916B000955E5A /* MerchantViewController.swift in Sources */,
				305BAFBE28D02EE100A8D588 /* ApiConnector.swift in Sources */,
				304CD96628B7BD67007A82E2 /* ApiConstants.swift in Sources */,
				303B583D28E21D810025BB7C /* AuthDataResponse.swift in Sources */,
				30EBBF9528F4CAD900CDF317 /* SdkUiType.swift in Sources */,
				303B583928E1E94F0025BB7C /* AccessTokenResponse.swift in Sources */,
				30EBBF9328F4CA8400CDF317 /* SdkInterface.swift in Sources */,
				3046C35B284916B000955E5A /* AppDelegate.swift in Sources */,
				303B583F28E21E110025BB7C /* TransactionResponse.swift in Sources */,
				30EBBF9728F4CB3E00CDF317 /* ApiException.swift in Sources */,
				304CD94228B7B9A1007A82E2 /* AuthenticationResponse.swift in Sources */,
				3046C3C72852DAA200955E5A /* MerchantViewModel.swift in Sources */,
				305BAFBA28D02CC400A8D588 /* JsonUtils.swift in Sources */,
				30EB993D28D4AFAF0043E727 /* ApiSessionInfo.swift in Sources */,
				303B583728E1D62D0025BB7C /* CheckEnrollmentResponse.swift in Sources */,
				304CD97028BDACE2007A82E2 /* AppChallengeStatusReceiver.swift in Sources */,
				3068B3A728AEB9B8004C7888 /* AmountBuilder.swift in Sources */,
				3070765828B6D42D00E569D0 /* AppBootstraper.swift in Sources */,
				303B584128E243AE0025BB7C /* ThreeDSecureRequest.swift in Sources */,
				305BAFC028D0306600A8D588 /* ServicesContainer.swift in Sources */,
				3046C3C92852DC2800955E5A /* MerchantBuilder.swift in Sources */,
				3096EA172976D3B000E24B3A /* ErrorViewController.swift in Sources */,
				3046C38C2849179F00955E5A /* StoryboardInstantiable.swift in Sources */,
				3046C3B52852D6CB00955E5A /* Utils.swift in Sources */,
				304CD94628B7B9E2007A82E2 /* Deserialisable.swift in Sources */,
				304CD93C28B7B913007A82E2 /* PaymentDetailsUseCase.swift in Sources */,
				304CD96E28BDACBC007A82E2 /* StatusView.swift in Sources */,
				30EB993B28D4AD200043E727 /* ApiRequest.swift in Sources */,
				3046C3952849189200955E5A /* ACSWebView.swift in Sources */,
				305BAFBC28D02D0400A8D588 /* GatewayException.swift in Sources */,
				303B583B28E1EF970025BB7C /* AuthParamsResponse.swift in Sources */,
				3046C3D32852DE0E00955E5A /* DatePicker.swift in Sources */,
				3046C3C42852D82700955E5A /* Mappable.swift in Sources */,
				3068B3A328AEB821004C7888 /* AmountViewController.swift in Sources */,
				3046C3D12852DDF100955E5A /* DropDown.swift in Sources */,
				30EB993928D41B850043E727 /* DemoAppService.swift in Sources */,
				305BAFB828D02C5900A8D588 /* RestGateway3ds.swift in Sources */,
				30EBBF9128F4C92500CDF317 /* MobileData.swift in Sources */,
				3046C3B32852D6B300955E5A /* StringExtensions.swift in Sources */,
			);
			runOnlyForDeploymentPostprocessing = 0;
		};
		3046C369284916B100955E5A /* Sources */ = {
			isa = PBXSourcesBuildPhase;
			buildActionMask = 2147483647;
			files = (
				3046C372284916B100955E5A /* Merchant3DSTests.swift in Sources */,
			);
			runOnlyForDeploymentPostprocessing = 0;
		};
		3046C373284916B100955E5A /* Sources */ = {
			isa = PBXSourcesBuildPhase;
			buildActionMask = 2147483647;
			files = (
				3046C37C284916B100955E5A /* Merchant3DSUITests.swift in Sources */,
				3046C37E284916B100955E5A /* Merchant3DSUITestsLaunchTests.swift in Sources */,
			);
			runOnlyForDeploymentPostprocessing = 0;
		};
/* End PBXSourcesBuildPhase section */

/* Begin PBXTargetDependency section */
		3046C36F284916B100955E5A /* PBXTargetDependency */ = {
			isa = PBXTargetDependency;
			target = 3046C356284916B000955E5A /* Merchant3DS */;
			targetProxy = 3046C36E284916B100955E5A /* PBXContainerItemProxy */;
		};
		3046C379284916B100955E5A /* PBXTargetDependency */ = {
			isa = PBXTargetDependency;
			target = 3046C356284916B000955E5A /* Merchant3DS */;
			targetProxy = 3046C378284916B100955E5A /* PBXContainerItemProxy */;
		};
/* End PBXTargetDependency section */

/* Begin PBXVariantGroup section */
		3046C360284916B000955E5A /* Merchant.storyboard */ = {
			isa = PBXVariantGroup;
			children = (
				3046C361284916B000955E5A /* Base */,
			);
			name = Merchant.storyboard;
			sourceTree = "<group>";
		};
		3046C365284916B100955E5A /* LaunchScreen.storyboard */ = {
			isa = PBXVariantGroup;
			children = (
				3046C366284916B100955E5A /* Base */,
			);
			name = LaunchScreen.storyboard;
			sourceTree = "<group>";
		};
		3046C3D92852DF1800955E5A /* Localizable.strings */ = {
			isa = PBXVariantGroup;
			children = (
				3046C3D82852DF1800955E5A /* en */,
			);
			name = Localizable.strings;
			sourceTree = "<group>";
		};
/* End PBXVariantGroup section */

/* Begin XCBuildConfiguration section */
		3046C37F284916B100955E5A /* Debug */ = {
			isa = XCBuildConfiguration;
			buildSettings = {
				ALWAYS_SEARCH_USER_PATHS = NO;
				CLANG_ANALYZER_NONNULL = YES;
				CLANG_ANALYZER_NUMBER_OBJECT_CONVERSION = YES_AGGRESSIVE;
				CLANG_CXX_LANGUAGE_STANDARD = "gnu++17";
				CLANG_ENABLE_MODULES = YES;
				CLANG_ENABLE_OBJC_ARC = YES;
				CLANG_ENABLE_OBJC_WEAK = YES;
				CLANG_WARN_BLOCK_CAPTURE_AUTORELEASING = YES;
				CLANG_WARN_BOOL_CONVERSION = YES;
				CLANG_WARN_COMMA = YES;
				CLANG_WARN_CONSTANT_CONVERSION = YES;
				CLANG_WARN_DEPRECATED_OBJC_IMPLEMENTATIONS = YES;
				CLANG_WARN_DIRECT_OBJC_ISA_USAGE = YES_ERROR;
				CLANG_WARN_DOCUMENTATION_COMMENTS = YES;
				CLANG_WARN_EMPTY_BODY = YES;
				CLANG_WARN_ENUM_CONVERSION = YES;
				CLANG_WARN_INFINITE_RECURSION = YES;
				CLANG_WARN_INT_CONVERSION = YES;
				CLANG_WARN_NON_LITERAL_NULL_CONVERSION = YES;
				CLANG_WARN_OBJC_IMPLICIT_RETAIN_SELF = YES;
				CLANG_WARN_OBJC_LITERAL_CONVERSION = YES;
				CLANG_WARN_OBJC_ROOT_CLASS = YES_ERROR;
				CLANG_WARN_QUOTED_INCLUDE_IN_FRAMEWORK_HEADER = YES;
				CLANG_WARN_RANGE_LOOP_ANALYSIS = YES;
				CLANG_WARN_STRICT_PROTOTYPES = YES;
				CLANG_WARN_SUSPICIOUS_MOVE = YES;
				CLANG_WARN_UNGUARDED_AVAILABILITY = YES_AGGRESSIVE;
				CLANG_WARN_UNREACHABLE_CODE = YES;
				CLANG_WARN__DUPLICATE_METHOD_MATCH = YES;
				COPY_PHASE_STRIP = NO;
				DEBUG_INFORMATION_FORMAT = dwarf;
				ENABLE_STRICT_OBJC_MSGSEND = YES;
				ENABLE_TESTABILITY = YES;
				GCC_C_LANGUAGE_STANDARD = gnu11;
				GCC_DYNAMIC_NO_PIC = NO;
				GCC_NO_COMMON_BLOCKS = YES;
				GCC_OPTIMIZATION_LEVEL = 0;
				GCC_PREPROCESSOR_DEFINITIONS = (
					"DEBUG=1",
					"$(inherited)",
				);
				GCC_WARN_64_TO_32_BIT_CONVERSION = YES;
				GCC_WARN_ABOUT_RETURN_TYPE = YES_ERROR;
				GCC_WARN_UNDECLARED_SELECTOR = YES;
				GCC_WARN_UNINITIALIZED_AUTOS = YES_AGGRESSIVE;
				GCC_WARN_UNUSED_FUNCTION = YES;
				GCC_WARN_UNUSED_VARIABLE = YES;
				IPHONEOS_DEPLOYMENT_TARGET = 15.5;
				MTL_ENABLE_DEBUG_INFO = INCLUDE_SOURCE;
				MTL_FAST_MATH = YES;
				ONLY_ACTIVE_ARCH = YES;
				SDKROOT = iphoneos;
				SWIFT_ACTIVE_COMPILATION_CONDITIONS = DEBUG;
				SWIFT_OPTIMIZATION_LEVEL = "-Onone";
			};
			name = Debug;
		};
		3046C380284916B100955E5A /* Release */ = {
			isa = XCBuildConfiguration;
			buildSettings = {
				ALWAYS_SEARCH_USER_PATHS = NO;
				CLANG_ANALYZER_NONNULL = YES;
				CLANG_ANALYZER_NUMBER_OBJECT_CONVERSION = YES_AGGRESSIVE;
				CLANG_CXX_LANGUAGE_STANDARD = "gnu++17";
				CLANG_ENABLE_MODULES = YES;
				CLANG_ENABLE_OBJC_ARC = YES;
				CLANG_ENABLE_OBJC_WEAK = YES;
				CLANG_WARN_BLOCK_CAPTURE_AUTORELEASING = YES;
				CLANG_WARN_BOOL_CONVERSION = YES;
				CLANG_WARN_COMMA = YES;
				CLANG_WARN_CONSTANT_CONVERSION = YES;
				CLANG_WARN_DEPRECATED_OBJC_IMPLEMENTATIONS = YES;
				CLANG_WARN_DIRECT_OBJC_ISA_USAGE = YES_ERROR;
				CLANG_WARN_DOCUMENTATION_COMMENTS = YES;
				CLANG_WARN_EMPTY_BODY = YES;
				CLANG_WARN_ENUM_CONVERSION = YES;
				CLANG_WARN_INFINITE_RECURSION = YES;
				CLANG_WARN_INT_CONVERSION = YES;
				CLANG_WARN_NON_LITERAL_NULL_CONVERSION = YES;
				CLANG_WARN_OBJC_IMPLICIT_RETAIN_SELF = YES;
				CLANG_WARN_OBJC_LITERAL_CONVERSION = YES;
				CLANG_WARN_OBJC_ROOT_CLASS = YES_ERROR;
				CLANG_WARN_QUOTED_INCLUDE_IN_FRAMEWORK_HEADER = YES;
				CLANG_WARN_RANGE_LOOP_ANALYSIS = YES;
				CLANG_WARN_STRICT_PROTOTYPES = YES;
				CLANG_WARN_SUSPICIOUS_MOVE = YES;
				CLANG_WARN_UNGUARDED_AVAILABILITY = YES_AGGRESSIVE;
				CLANG_WARN_UNREACHABLE_CODE = YES;
				CLANG_WARN__DUPLICATE_METHOD_MATCH = YES;
				COPY_PHASE_STRIP = NO;
				DEBUG_INFORMATION_FORMAT = "dwarf-with-dsym";
				ENABLE_NS_ASSERTIONS = NO;
				ENABLE_STRICT_OBJC_MSGSEND = YES;
				GCC_C_LANGUAGE_STANDARD = gnu11;
				GCC_NO_COMMON_BLOCKS = YES;
				GCC_WARN_64_TO_32_BIT_CONVERSION = YES;
				GCC_WARN_ABOUT_RETURN_TYPE = YES_ERROR;
				GCC_WARN_UNDECLARED_SELECTOR = YES;
				GCC_WARN_UNINITIALIZED_AUTOS = YES_AGGRESSIVE;
				GCC_WARN_UNUSED_FUNCTION = YES;
				GCC_WARN_UNUSED_VARIABLE = YES;
				IPHONEOS_DEPLOYMENT_TARGET = 15.5;
				MTL_ENABLE_DEBUG_INFO = NO;
				MTL_FAST_MATH = YES;
				SDKROOT = iphoneos;
				SWIFT_COMPILATION_MODE = wholemodule;
				SWIFT_OPTIMIZATION_LEVEL = "-O";
				VALIDATE_PRODUCT = YES;
			};
			name = Release;
		};
		3046C382284916B100955E5A /* Debug */ = {
			isa = XCBuildConfiguration;
			baseConfigurationReference = 4F53DDF743ECB0885367827B /* Pods-Merchant3DS.debug.xcconfig */;
			buildSettings = {
				ASSETCATALOG_COMPILER_APPICON_NAME = AppIcon;
				ASSETCATALOG_COMPILER_GLOBAL_ACCENT_COLOR_NAME = AccentColor;
				CODE_SIGN_IDENTITY = "Apple Development";
				CODE_SIGN_STYLE = Automatic;
				CURRENT_PROJECT_VERSION = 1;
				DEVELOPMENT_TEAM = 4UCKY7Z4HC;
				GENERATE_INFOPLIST_FILE = YES;
				INFOPLIST_FILE = Merchant3DS/Info.plist;
				INFOPLIST_KEY_UIApplicationSupportsIndirectInputEvents = YES;
				INFOPLIST_KEY_UILaunchStoryboardName = LaunchScreen;
				INFOPLIST_KEY_UISupportedInterfaceOrientations_iPad = "UIInterfaceOrientationPortrait UIInterfaceOrientationPortraitUpsideDown UIInterfaceOrientationLandscapeLeft UIInterfaceOrientationLandscapeRight";
				INFOPLIST_KEY_UISupportedInterfaceOrientations_iPhone = "UIInterfaceOrientationPortrait UIInterfaceOrientationLandscapeLeft UIInterfaceOrientationLandscapeRight";
				IPHONEOS_DEPLOYMENT_TARGET = 15.2;
				LD_RUNPATH_SEARCH_PATHS = (
					"$(inherited)",
					"@executable_path/Frameworks",
				);
				MARKETING_VERSION = 1.0;
				PRODUCT_BUNDLE_IDENTIFIER = com.globalpayments.Merchant3DS;
				PRODUCT_NAME = "$(TARGET_NAME)";
				PROVISIONING_PROFILE_SPECIFIER = "";
				SWIFT_EMIT_LOC_STRINGS = YES;
				SWIFT_VERSION = 5.0;
				TARGETED_DEVICE_FAMILY = "1,2";
			};
			name = Debug;
		};
		3046C383284916B100955E5A /* Release */ = {
			isa = XCBuildConfiguration;
			baseConfigurationReference = 4849066BB09BCE76919178D4 /* Pods-Merchant3DS.release.xcconfig */;
			buildSettings = {
				ASSETCATALOG_COMPILER_APPICON_NAME = AppIcon;
				ASSETCATALOG_COMPILER_GLOBAL_ACCENT_COLOR_NAME = AccentColor;
				CODE_SIGN_IDENTITY = "Apple Development";
				CODE_SIGN_STYLE = Automatic;
				CURRENT_PROJECT_VERSION = 1;
				DEVELOPMENT_TEAM = 4UCKY7Z4HC;
				GENERATE_INFOPLIST_FILE = YES;
				INFOPLIST_FILE = Merchant3DS/Info.plist;
				INFOPLIST_KEY_UIApplicationSupportsIndirectInputEvents = YES;
				INFOPLIST_KEY_UILaunchStoryboardName = LaunchScreen;
				INFOPLIST_KEY_UISupportedInterfaceOrientations_iPad = "UIInterfaceOrientationPortrait UIInterfaceOrientationPortraitUpsideDown UIInterfaceOrientationLandscapeLeft UIInterfaceOrientationLandscapeRight";
				INFOPLIST_KEY_UISupportedInterfaceOrientations_iPhone = "UIInterfaceOrientationPortrait UIInterfaceOrientationLandscapeLeft UIInterfaceOrientationLandscapeRight";
				IPHONEOS_DEPLOYMENT_TARGET = 15.2;
				LD_RUNPATH_SEARCH_PATHS = (
					"$(inherited)",
					"@executable_path/Frameworks",
				);
				MARKETING_VERSION = 1.0;
				PRODUCT_BUNDLE_IDENTIFIER = com.globalpayments.Merchant3DS;
				PRODUCT_NAME = "$(TARGET_NAME)";
				PROVISIONING_PROFILE_SPECIFIER = "";
				SWIFT_EMIT_LOC_STRINGS = YES;
				SWIFT_VERSION = 5.0;
				TARGETED_DEVICE_FAMILY = "1,2";
			};
			name = Release;
		};
		3046C385284916B100955E5A /* Debug */ = {
			isa = XCBuildConfiguration;
			baseConfigurationReference = 991589ECEC01CA1A51E9336D /* Pods-Merchant3DSTests.debug.xcconfig */;
			buildSettings = {
				ALWAYS_EMBED_SWIFT_STANDARD_LIBRARIES = YES;
				BUNDLE_LOADER = "$(TEST_HOST)";
				CODE_SIGN_STYLE = Automatic;
				CURRENT_PROJECT_VERSION = 1;
				GENERATE_INFOPLIST_FILE = YES;
				IPHONEOS_DEPLOYMENT_TARGET = 15.5;
				MARKETING_VERSION = 1.0;
				PRODUCT_BUNDLE_IDENTIFIER = com.globalpayments.Merchant3DSTests;
				PRODUCT_NAME = "$(TARGET_NAME)";
				SWIFT_EMIT_LOC_STRINGS = NO;
				SWIFT_VERSION = 5.0;
				TARGETED_DEVICE_FAMILY = "1,2";
				TEST_HOST = "$(BUILT_PRODUCTS_DIR)/Merchant3DS.app/Merchant3DS";
			};
			name = Debug;
		};
		3046C386284916B100955E5A /* Release */ = {
			isa = XCBuildConfiguration;
			baseConfigurationReference = DD7B7E079D8109F854D0CBE9 /* Pods-Merchant3DSTests.release.xcconfig */;
			buildSettings = {
				ALWAYS_EMBED_SWIFT_STANDARD_LIBRARIES = YES;
				BUNDLE_LOADER = "$(TEST_HOST)";
				CODE_SIGN_STYLE = Automatic;
				CURRENT_PROJECT_VERSION = 1;
				GENERATE_INFOPLIST_FILE = YES;
				IPHONEOS_DEPLOYMENT_TARGET = 15.5;
				MARKETING_VERSION = 1.0;
				PRODUCT_BUNDLE_IDENTIFIER = com.globalpayments.Merchant3DSTests;
				PRODUCT_NAME = "$(TARGET_NAME)";
				SWIFT_EMIT_LOC_STRINGS = NO;
				SWIFT_VERSION = 5.0;
				TARGETED_DEVICE_FAMILY = "1,2";
				TEST_HOST = "$(BUILT_PRODUCTS_DIR)/Merchant3DS.app/Merchant3DS";
			};
			name = Release;
		};
		3046C388284916B100955E5A /* Debug */ = {
			isa = XCBuildConfiguration;
			baseConfigurationReference = 55890EDF8796A2989D7B099B /* Pods-Merchant3DS-Merchant3DSUITests.debug.xcconfig */;
			buildSettings = {
				ALWAYS_EMBED_SWIFT_STANDARD_LIBRARIES = YES;
				CODE_SIGN_STYLE = Automatic;
				CURRENT_PROJECT_VERSION = 1;
				GENERATE_INFOPLIST_FILE = YES;
				MARKETING_VERSION = 1.0;
				PRODUCT_BUNDLE_IDENTIFIER = com.globalpayments.Merchant3DSUITests;
				PRODUCT_NAME = "$(TARGET_NAME)";
				SWIFT_EMIT_LOC_STRINGS = NO;
				SWIFT_VERSION = 5.0;
				TARGETED_DEVICE_FAMILY = "1,2";
				TEST_TARGET_NAME = Merchant3DS;
			};
			name = Debug;
		};
		3046C389284916B100955E5A /* Release */ = {
			isa = XCBuildConfiguration;
			baseConfigurationReference = A7C9363C077902660F310B5D /* Pods-Merchant3DS-Merchant3DSUITests.release.xcconfig */;
			buildSettings = {
				ALWAYS_EMBED_SWIFT_STANDARD_LIBRARIES = YES;
				CODE_SIGN_STYLE = Automatic;
				CURRENT_PROJECT_VERSION = 1;
				GENERATE_INFOPLIST_FILE = YES;
				MARKETING_VERSION = 1.0;
				PRODUCT_BUNDLE_IDENTIFIER = com.globalpayments.Merchant3DSUITests;
				PRODUCT_NAME = "$(TARGET_NAME)";
				SWIFT_EMIT_LOC_STRINGS = NO;
				SWIFT_VERSION = 5.0;
				TARGETED_DEVICE_FAMILY = "1,2";
				TEST_TARGET_NAME = Merchant3DS;
			};
			name = Release;
		};
/* End XCBuildConfiguration section */

/* Begin XCConfigurationList section */
		3046C352284916B000955E5A /* Build configuration list for PBXProject "Merchant3DS" */ = {
			isa = XCConfigurationList;
			buildConfigurations = (
				3046C37F284916B100955E5A /* Debug */,
				3046C380284916B100955E5A /* Release */,
			);
			defaultConfigurationIsVisible = 0;
			defaultConfigurationName = Release;
		};
		3046C381284916B100955E5A /* Build configuration list for PBXNativeTarget "Merchant3DS" */ = {
			isa = XCConfigurationList;
			buildConfigurations = (
				3046C382284916B100955E5A /* Debug */,
				3046C383284916B100955E5A /* Release */,
			);
			defaultConfigurationIsVisible = 0;
			defaultConfigurationName = Release;
		};
		3046C384284916B100955E5A /* Build configuration list for PBXNativeTarget "Merchant3DSTests" */ = {
			isa = XCConfigurationList;
			buildConfigurations = (
				3046C385284916B100955E5A /* Debug */,
				3046C386284916B100955E5A /* Release */,
			);
			defaultConfigurationIsVisible = 0;
			defaultConfigurationName = Release;
		};
		3046C387284916B100955E5A /* Build configuration list for PBXNativeTarget "Merchant3DSUITests" */ = {
			isa = XCConfigurationList;
			buildConfigurations = (
				3046C388284916B100955E5A /* Debug */,
				3046C389284916B100955E5A /* Release */,
			);
			defaultConfigurationIsVisible = 0;
			defaultConfigurationName = Release;
		};
/* End XCConfigurationList section */
	};
	rootObject = 3046C34F284916B000955E5A /* Project object */;
}
