PODS:
  - GlobalPayments-iOS-SDK (2.0.7)

DEPENDENCIES:
  - GlobalPayments-iOS-SDK (from `../`)

EXTERNAL SOURCES:
  GlobalPayments-iOS-SDK:
    :path: "../"

SPEC CHECKSUMS:
  GlobalPayments-iOS-SDK: 5bb58b035767c853898ad4b47278f32421021dc1

PODFILE CHECKSUM: 48a8c3963f2d5c9604cf5005fae3b9b558d9f4aa

COCOAPODS: 1.15.2
