PODS:
  - GlobalPayments-iOS-SDK (0.1.0)

DEPENDENCIES:
  - GlobalPayments-iOS-SDK (from `../`)

EXTERNAL SOURCES:
  GlobalPayments-iOS-SDK:
    :path: "../"

SPEC CHECKSUMS:
  GlobalPayments-iOS-SDK: eef1b1b6cb03a0edc0a40224703da75e46b1a9f6

PODFILE CHECKSUM: 48a8c3963f2d5c9604cf5005fae3b9b558d9f4aa

COCOAPODS: 1.10.0
