// !$*UTF8*$!
{
	archiveVersion = 1;
	classes = {
	};
	objectVersion = 46;
	objects = {

/* Begin PBXBuildFile section */
		06C80B851E55AD27D8857B82 /* Pods_GlobalPayments_iOS_SDK_Tests.framework in Frameworks */ = {isa = PBXBuildFile; fileRef = 6553D79D618AA4E0206C383D /* Pods_GlobalPayments_iOS_SDK_Tests.framework */; };
		607FACD61AFB9204008FA782 /* AppDelegate.swift in Sources */ = {isa = PBXBuildFile; fileRef = 607FACD51AFB9204008FA782 /* AppDelegate.swift */; };
		607FACDD1AFB9204008FA782 /* Images.xcassets in Resources */ = {isa = PBXBuildFile; fileRef = 607FACDC1AFB9204008FA782 /* Images.xcassets */; };
		607FACE01AFB9204008FA782 /* LaunchScreen.xib in Resources */ = {isa = PBXBuildFile; fileRef = 607FACDE1AFB9204008FA782 /* LaunchScreen.xib */; };
		8218B1E62521CFD6009DC67A /* GpApiAuthenticationTests.swift in Sources */ = {isa = PBXBuildFile; fileRef = 8218B1E52521CFD6009DC67A /* GpApiAuthenticationTests.swift */; };
		824451BC24E150410080D06B /* GpApiReportingTests.swift in Sources */ = {isa = PBXBuildFile; fileRef = 824451BB24E150410080D06B /* GpApiReportingTests.swift */; };
		824451C124E1801D0080D06B /* GpApiDebitTests.swift in Sources */ = {isa = PBXBuildFile; fileRef = 824451C024E1801D0080D06B /* GpApiDebitTests.swift */; };
		8244D688255D692A00739364 /* Router.swift in Sources */ = {isa = PBXBuildFile; fileRef = 8244D687255D692A00739364 /* Router.swift */; };
		8244D68E255D6EB900739364 /* GatewaysRouter.swift in Sources */ = {isa = PBXBuildFile; fileRef = 8244D68D255D6EB900739364 /* GatewaysRouter.swift */; };
		8244D692255D74F400739364 /* UIViewControllerExtensions.swift in Sources */ = {isa = PBXBuildFile; fileRef = 8244D691255D74F400739364 /* UIViewControllerExtensions.swift */; };
		8244D698255D766100739364 /* GlobalPayModel.swift in Sources */ = {isa = PBXBuildFile; fileRef = 8244D697255D766100739364 /* GlobalPayModel.swift */; };
		8244D6A0255D76D800739364 /* GlobalPay.storyboard in Resources */ = {isa = PBXBuildFile; fileRef = 8244D69F255D76D800739364 /* GlobalPay.storyboard */; };
		8244D6A4255D76E700739364 /* GlobalPayListBuilder.swift in Sources */ = {isa = PBXBuildFile; fileRef = 8244D6A3255D76E700739364 /* GlobalPayListBuilder.swift */; };
		8244D6A8255D76F500739364 /* GlobalPayViewController.swift in Sources */ = {isa = PBXBuildFile; fileRef = 8244D6A7255D76F500739364 /* GlobalPayViewController.swift */; };
		8244D6AC255D76FE00739364 /* GlobalPayRouter.swift in Sources */ = {isa = PBXBuildFile; fileRef = 8244D6AB255D76FE00739364 /* GlobalPayRouter.swift */; };
		8244D6C3255E98D400739364 /* AccessTokenViewController.swift in Sources */ = {isa = PBXBuildFile; fileRef = 8244D6C2255E98D400739364 /* AccessTokenViewController.swift */; };
		8244D6C7255E99C200739364 /* AccessTokenBuilder.swift in Sources */ = {isa = PBXBuildFile; fileRef = 8244D6C6255E99C200739364 /* AccessTokenBuilder.swift */; };
		8244D6CB255EA28300739364 /* UIButtonExtensions.swift in Sources */ = {isa = PBXBuildFile; fileRef = 8244D6CA255EA28300739364 /* UIButtonExtensions.swift */; };
		8244D6D2255EACF300739364 /* Constants.swift in Sources */ = {isa = PBXBuildFile; fileRef = 8244D6D1255EACF300739364 /* Constants.swift */; };
		8244D6D8255EAD5F00739364 /* AccessTokenViewModel.swift in Sources */ = {isa = PBXBuildFile; fileRef = 8244D6D7255EAD5F00739364 /* AccessTokenViewModel.swift */; };
		8244D6E2255EB14100739364 /* ResultTableViewCell.swift in Sources */ = {isa = PBXBuildFile; fileRef = 8244D6E0255EB14100739364 /* ResultTableViewCell.swift */; };
		8244D6E3255EB14100739364 /* ResultTableViewCell.xib in Resources */ = {isa = PBXBuildFile; fileRef = 8244D6E1255EB14100739364 /* ResultTableViewCell.xib */; };
		8244D6EA255EBE3F00739364 /* AccessTokenView.swift in Sources */ = {isa = PBXBuildFile; fileRef = 8244D6E9255EBE3F00739364 /* AccessTokenView.swift */; };
		8244D6F0255EBE4500739364 /* AccessTokenView.xib in Resources */ = {isa = PBXBuildFile; fileRef = 8244D6EF255EBE4500739364 /* AccessTokenView.xib */; };
		8244D6F4255ECCAF00739364 /* UIViewExtensions.swift in Sources */ = {isa = PBXBuildFile; fileRef = 8244D6F3255ECCAF00739364 /* UIViewExtensions.swift */; };
		8244D6F825629C0400739364 /* AccessTokenFormViewController.swift in Sources */ = {isa = PBXBuildFile; fileRef = 8244D6F725629C0400739364 /* AccessTokenFormViewController.swift */; };
		8244D6FC25629DBA00739364 /* AccessTokenRouter.swift in Sources */ = {isa = PBXBuildFile; fileRef = 8244D6FB25629DBA00739364 /* AccessTokenRouter.swift */; };
		8244D70325629FA900739364 /* AccessTokenFormBuilder.swift in Sources */ = {isa = PBXBuildFile; fileRef = 8244D70225629FA900739364 /* AccessTokenFormBuilder.swift */; };
		824A16EC24E3EA230060944B /* BuilderValidationTests.swift in Sources */ = {isa = PBXBuildFile; fileRef = 824A16EB24E3EA230060944B /* BuilderValidationTests.swift */; };
		8252038C24E2A72000784248 /* GpApiEbtTests.swift in Sources */ = {isa = PBXBuildFile; fileRef = 8252038B24E2A72000784248 /* GpApiEbtTests.swift */; };
		8252038E24E2C15600784248 /* CountryUtilsTests.swift in Sources */ = {isa = PBXBuildFile; fileRef = 8252038D24E2C15600784248 /* CountryUtilsTests.swift */; };
		8258B118255C1B6900D02721 /* StoryboardInstantiable.swift in Sources */ = {isa = PBXBuildFile; fileRef = 8258B117255C1B6900D02721 /* StoryboardInstantiable.swift */; };
		8258B11F255C1C0900D02721 /* Gateways.storyboard in Resources */ = {isa = PBXBuildFile; fileRef = 8258B11E255C1C0900D02721 /* Gateways.storyboard */; };
		8258B123255C1C2200D02721 /* GatewaysListBuilder.swift in Sources */ = {isa = PBXBuildFile; fileRef = 8258B122255C1C2200D02721 /* GatewaysListBuilder.swift */; };
		8258B127255C1CC500D02721 /* GatewaysViewController.swift in Sources */ = {isa = PBXBuildFile; fileRef = 8258B126255C1CC500D02721 /* GatewaysViewController.swift */; };
		8258B130255C1ECB00D02721 /* Theme.swift in Sources */ = {isa = PBXBuildFile; fileRef = 8258B12F255C1ECB00D02721 /* Theme.swift */; };
		8258B143255C27EE00D02721 /* Localizable.strings in Resources */ = {isa = PBXBuildFile; fileRef = 8258B145255C27EE00D02721 /* Localizable.strings */; };
		8258B15E255C2FC400D02721 /* StringExtensions.swift in Sources */ = {isa = PBXBuildFile; fileRef = 8258B15D255C2FC400D02721 /* StringExtensions.swift */; };
		8258B164255C36DD00D02721 /* CellIdentifiable.swift in Sources */ = {isa = PBXBuildFile; fileRef = 8258B163255C36DD00D02721 /* CellIdentifiable.swift */; };
		8258B16B255C390C00D02721 /* SelectableTableViewCell.swift in Sources */ = {isa = PBXBuildFile; fileRef = 8258B169255C390C00D02721 /* SelectableTableViewCell.swift */; };
		8258B16C255C390C00D02721 /* SelectableTableViewCell.xib in Resources */ = {isa = PBXBuildFile; fileRef = 8258B16A255C390C00D02721 /* SelectableTableViewCell.xib */; };
		8258B172255C3FBF00D02721 /* GatewayModel.swift in Sources */ = {isa = PBXBuildFile; fileRef = 8258B171255C3FBF00D02721 /* GatewayModel.swift */; };
		8259A3582562CB6C00652BB7 /* UITextFieldExtensions.swift in Sources */ = {isa = PBXBuildFile; fileRef = 8259A3572562CB6C00652BB7 /* UITextFieldExtensions.swift */; };
		82613EBC24FE5D4E006EF5BD /* GpApiTokenManagementTests.swift in Sources */ = {isa = PBXBuildFile; fileRef = 82613EBB24FE5D4E006EF5BD /* GpApiTokenManagementTests.swift */; };
		8267BC9824DAB5F100AF64D2 /* GpApiCreditTests.swift in Sources */ = {isa = PBXBuildFile; fileRef = 8267BC9724DAB5F100AF64D2 /* GpApiCreditTests.swift */; };
		82B0485824AF367600FC32EC /* CardUtilsTests.swift in Sources */ = {isa = PBXBuildFile; fileRef = 82B0485724AF367600FC32EC /* CardUtilsTests.swift */; };
		82FAF8DE2535B16E00B10401 /* gp_logo.png in Resources */ = {isa = PBXBuildFile; fileRef = 82FAF8DC2535B16E00B10401 /* gp_logo.png */; };
		82FAF8DF2535B16E00B10401 /* gp_logo.pdf in Resources */ = {isa = PBXBuildFile; fileRef = 82FAF8DD2535B16E00B10401 /* gp_logo.pdf */; };
		82FAF8E42535B2B500B10401 /* ResouceLoader.swift in Sources */ = {isa = PBXBuildFile; fileRef = 82FAF8E32535B2B500B10401 /* ResouceLoader.swift */; };
		B3C3C7004F930D956F772A64 /* Pods_GlobalPayments_iOS_SDK_Example.framework in Frameworks */ = {isa = PBXBuildFile; fileRef = 650520B915FF8897EC1F1768 /* Pods_GlobalPayments_iOS_SDK_Example.framework */; };
/* End PBXBuildFile section */

/* Begin PBXContainerItemProxy section */
		607FACE61AFB9204008FA782 /* PBXContainerItemProxy */ = {
			isa = PBXContainerItemProxy;
			containerPortal = 607FACC81AFB9204008FA782 /* Project object */;
			proxyType = 1;
			remoteGlobalIDString = 607FACCF1AFB9204008FA782;
			remoteInfo = "GlobalPayments-iOS-SDK";
		};
/* End PBXContainerItemProxy section */

/* Begin PBXFileReference section */
		25872CCBB9B9D3BAA3E1C009 /* Pods-GlobalPayments-iOS-SDK_Example.release.xcconfig */ = {isa = PBXFileReference; includeInIndex = 1; lastKnownFileType = text.xcconfig; name = "Pods-GlobalPayments-iOS-SDK_Example.release.xcconfig"; path = "Target Support Files/Pods-GlobalPayments-iOS-SDK_Example/Pods-GlobalPayments-iOS-SDK_Example.release.xcconfig"; sourceTree = "<group>"; };
		25E89B4C4C3BC69C6EA4BF0A /* README.md */ = {isa = PBXFileReference; includeInIndex = 1; lastKnownFileType = net.daringfireball.markdown; name = README.md; path = ../README.md; sourceTree = "<group>"; };
		37187487A0802F473CB34DD9 /* Pods-GlobalPayments-iOS-SDK_Tests.debug.xcconfig */ = {isa = PBXFileReference; includeInIndex = 1; lastKnownFileType = text.xcconfig; name = "Pods-GlobalPayments-iOS-SDK_Tests.debug.xcconfig"; path = "Target Support Files/Pods-GlobalPayments-iOS-SDK_Tests/Pods-GlobalPayments-iOS-SDK_Tests.debug.xcconfig"; sourceTree = "<group>"; };
		3D967F781B7EDA086B664CC6 /* Pods-GlobalPayments-iOS-SDK_Example.debug.xcconfig */ = {isa = PBXFileReference; includeInIndex = 1; lastKnownFileType = text.xcconfig; name = "Pods-GlobalPayments-iOS-SDK_Example.debug.xcconfig"; path = "Target Support Files/Pods-GlobalPayments-iOS-SDK_Example/Pods-GlobalPayments-iOS-SDK_Example.debug.xcconfig"; sourceTree = "<group>"; };
		58FEA9F194AA0CFA78C12075 /* GlobalPayments-iOS-SDK.podspec */ = {isa = PBXFileReference; includeInIndex = 1; lastKnownFileType = text; name = "GlobalPayments-iOS-SDK.podspec"; path = "../GlobalPayments-iOS-SDK.podspec"; sourceTree = "<group>"; xcLanguageSpecificationIdentifier = xcode.lang.ruby; };
		607FACD01AFB9204008FA782 /* GlobalPayments-iOS-SDK_Example.app */ = {isa = PBXFileReference; explicitFileType = wrapper.application; includeInIndex = 0; path = "GlobalPayments-iOS-SDK_Example.app"; sourceTree = BUILT_PRODUCTS_DIR; };
		607FACD41AFB9204008FA782 /* Info.plist */ = {isa = PBXFileReference; lastKnownFileType = text.plist.xml; path = Info.plist; sourceTree = "<group>"; };
		607FACD51AFB9204008FA782 /* AppDelegate.swift */ = {isa = PBXFileReference; lastKnownFileType = sourcecode.swift; path = AppDelegate.swift; sourceTree = "<group>"; };
		607FACDC1AFB9204008FA782 /* Images.xcassets */ = {isa = PBXFileReference; lastKnownFileType = folder.assetcatalog; path = Images.xcassets; sourceTree = "<group>"; };
		607FACDF1AFB9204008FA782 /* Base */ = {isa = PBXFileReference; lastKnownFileType = file.xib; name = Base; path = Base.lproj/LaunchScreen.xib; sourceTree = "<group>"; };
		607FACE51AFB9204008FA782 /* GlobalPayments-iOS-SDK_Tests.xctest */ = {isa = PBXFileReference; explicitFileType = wrapper.cfbundle; includeInIndex = 0; path = "GlobalPayments-iOS-SDK_Tests.xctest"; sourceTree = BUILT_PRODUCTS_DIR; };
		607FACEA1AFB9204008FA782 /* Info.plist */ = {isa = PBXFileReference; lastKnownFileType = text.plist.xml; path = Info.plist; sourceTree = "<group>"; };
		650520B915FF8897EC1F1768 /* Pods_GlobalPayments_iOS_SDK_Example.framework */ = {isa = PBXFileReference; explicitFileType = wrapper.framework; includeInIndex = 0; path = Pods_GlobalPayments_iOS_SDK_Example.framework; sourceTree = BUILT_PRODUCTS_DIR; };
		6553D79D618AA4E0206C383D /* Pods_GlobalPayments_iOS_SDK_Tests.framework */ = {isa = PBXFileReference; explicitFileType = wrapper.framework; includeInIndex = 0; path = Pods_GlobalPayments_iOS_SDK_Tests.framework; sourceTree = BUILT_PRODUCTS_DIR; };
		8218B1E52521CFD6009DC67A /* GpApiAuthenticationTests.swift */ = {isa = PBXFileReference; lastKnownFileType = sourcecode.swift; path = GpApiAuthenticationTests.swift; sourceTree = "<group>"; };
		824451BB24E150410080D06B /* GpApiReportingTests.swift */ = {isa = PBXFileReference; lastKnownFileType = sourcecode.swift; path = GpApiReportingTests.swift; sourceTree = "<group>"; };
		824451C024E1801D0080D06B /* GpApiDebitTests.swift */ = {isa = PBXFileReference; lastKnownFileType = sourcecode.swift; path = GpApiDebitTests.swift; sourceTree = "<group>"; };
		8244D687255D692A00739364 /* Router.swift */ = {isa = PBXFileReference; lastKnownFileType = sourcecode.swift; path = Router.swift; sourceTree = "<group>"; };
		8244D68D255D6EB900739364 /* GatewaysRouter.swift */ = {isa = PBXFileReference; lastKnownFileType = sourcecode.swift; path = GatewaysRouter.swift; sourceTree = "<group>"; };
		8244D691255D74F400739364 /* UIViewControllerExtensions.swift */ = {isa = PBXFileReference; lastKnownFileType = sourcecode.swift; path = UIViewControllerExtensions.swift; sourceTree = "<group>"; };
		8244D697255D766100739364 /* GlobalPayModel.swift */ = {isa = PBXFileReference; lastKnownFileType = sourcecode.swift; path = GlobalPayModel.swift; sourceTree = "<group>"; };
		8244D69F255D76D800739364 /* GlobalPay.storyboard */ = {isa = PBXFileReference; lastKnownFileType = file.storyboard; path = GlobalPay.storyboard; sourceTree = "<group>"; };
		8244D6A3255D76E700739364 /* GlobalPayListBuilder.swift */ = {isa = PBXFileReference; lastKnownFileType = sourcecode.swift; path = GlobalPayListBuilder.swift; sourceTree = "<group>"; };
		8244D6A7255D76F500739364 /* GlobalPayViewController.swift */ = {isa = PBXFileReference; lastKnownFileType = sourcecode.swift; path = GlobalPayViewController.swift; sourceTree = "<group>"; };
		8244D6AB255D76FE00739364 /* GlobalPayRouter.swift */ = {isa = PBXFileReference; lastKnownFileType = sourcecode.swift; path = GlobalPayRouter.swift; sourceTree = "<group>"; };
		8244D6C2255E98D400739364 /* AccessTokenViewController.swift */ = {isa = PBXFileReference; lastKnownFileType = sourcecode.swift; path = AccessTokenViewController.swift; sourceTree = "<group>"; };
		8244D6C6255E99C200739364 /* AccessTokenBuilder.swift */ = {isa = PBXFileReference; lastKnownFileType = sourcecode.swift; path = AccessTokenBuilder.swift; sourceTree = "<group>"; };
		8244D6CA255EA28300739364 /* UIButtonExtensions.swift */ = {isa = PBXFileReference; lastKnownFileType = sourcecode.swift; path = UIButtonExtensions.swift; sourceTree = "<group>"; };
		8244D6D1255EACF300739364 /* Constants.swift */ = {isa = PBXFileReference; lastKnownFileType = sourcecode.swift; path = Constants.swift; sourceTree = "<group>"; };
		8244D6D7255EAD5F00739364 /* AccessTokenViewModel.swift */ = {isa = PBXFileReference; lastKnownFileType = sourcecode.swift; path = AccessTokenViewModel.swift; sourceTree = "<group>"; };
		8244D6E0255EB14100739364 /* ResultTableViewCell.swift */ = {isa = PBXFileReference; lastKnownFileType = sourcecode.swift; path = ResultTableViewCell.swift; sourceTree = "<group>"; };
		8244D6E1255EB14100739364 /* ResultTableViewCell.xib */ = {isa = PBXFileReference; lastKnownFileType = file.xib; path = ResultTableViewCell.xib; sourceTree = "<group>"; };
		8244D6E9255EBE3F00739364 /* AccessTokenView.swift */ = {isa = PBXFileReference; lastKnownFileType = sourcecode.swift; path = AccessTokenView.swift; sourceTree = "<group>"; };
		8244D6EF255EBE4500739364 /* AccessTokenView.xib */ = {isa = PBXFileReference; lastKnownFileType = file.xib; path = AccessTokenView.xib; sourceTree = "<group>"; };
		8244D6F3255ECCAF00739364 /* UIViewExtensions.swift */ = {isa = PBXFileReference; lastKnownFileType = sourcecode.swift; path = UIViewExtensions.swift; sourceTree = "<group>"; };
		8244D6F725629C0400739364 /* AccessTokenFormViewController.swift */ = {isa = PBXFileReference; lastKnownFileType = sourcecode.swift; path = AccessTokenFormViewController.swift; sourceTree = "<group>"; };
		8244D6FB25629DBA00739364 /* AccessTokenRouter.swift */ = {isa = PBXFileReference; lastKnownFileType = sourcecode.swift; path = AccessTokenRouter.swift; sourceTree = "<group>"; };
		8244D70225629FA900739364 /* AccessTokenFormBuilder.swift */ = {isa = PBXFileReference; lastKnownFileType = sourcecode.swift; path = AccessTokenFormBuilder.swift; sourceTree = "<group>"; };
		824A16EB24E3EA230060944B /* BuilderValidationTests.swift */ = {isa = PBXFileReference; lastKnownFileType = sourcecode.swift; path = BuilderValidationTests.swift; sourceTree = "<group>"; };
		8252038B24E2A72000784248 /* GpApiEbtTests.swift */ = {isa = PBXFileReference; lastKnownFileType = sourcecode.swift; path = GpApiEbtTests.swift; sourceTree = "<group>"; };
		8252038D24E2C15600784248 /* CountryUtilsTests.swift */ = {isa = PBXFileReference; lastKnownFileType = sourcecode.swift; path = CountryUtilsTests.swift; sourceTree = "<group>"; };
		8258B117255C1B6900D02721 /* StoryboardInstantiable.swift */ = {isa = PBXFileReference; lastKnownFileType = sourcecode.swift; path = StoryboardInstantiable.swift; sourceTree = "<group>"; };
		8258B11E255C1C0900D02721 /* Gateways.storyboard */ = {isa = PBXFileReference; lastKnownFileType = file.storyboard; path = Gateways.storyboard; sourceTree = "<group>"; };
		8258B122255C1C2200D02721 /* GatewaysListBuilder.swift */ = {isa = PBXFileReference; lastKnownFileType = sourcecode.swift; path = GatewaysListBuilder.swift; sourceTree = "<group>"; };
		8258B126255C1CC500D02721 /* GatewaysViewController.swift */ = {isa = PBXFileReference; lastKnownFileType = sourcecode.swift; path = GatewaysViewController.swift; sourceTree = "<group>"; };
		8258B12F255C1ECB00D02721 /* Theme.swift */ = {isa = PBXFileReference; lastKnownFileType = sourcecode.swift; path = Theme.swift; sourceTree = "<group>"; };
		8258B144255C27EE00D02721 /* en */ = {isa = PBXFileReference; lastKnownFileType = text.plist.strings; name = en; path = en.lproj/Localizable.strings; sourceTree = "<group>"; };
		8258B15D255C2FC400D02721 /* StringExtensions.swift */ = {isa = PBXFileReference; lastKnownFileType = sourcecode.swift; path = StringExtensions.swift; sourceTree = "<group>"; };
		8258B163255C36DD00D02721 /* CellIdentifiable.swift */ = {isa = PBXFileReference; lastKnownFileType = sourcecode.swift; path = CellIdentifiable.swift; sourceTree = "<group>"; };
		8258B169255C390C00D02721 /* SelectableTableViewCell.swift */ = {isa = PBXFileReference; lastKnownFileType = sourcecode.swift; path = SelectableTableViewCell.swift; sourceTree = "<group>"; };
		8258B16A255C390C00D02721 /* SelectableTableViewCell.xib */ = {isa = PBXFileReference; lastKnownFileType = file.xib; path = SelectableTableViewCell.xib; sourceTree = "<group>"; };
		8258B171255C3FBF00D02721 /* GatewayModel.swift */ = {isa = PBXFileReference; lastKnownFileType = sourcecode.swift; path = GatewayModel.swift; sourceTree = "<group>"; };
		8259A3572562CB6C00652BB7 /* UITextFieldExtensions.swift */ = {isa = PBXFileReference; lastKnownFileType = sourcecode.swift; path = UITextFieldExtensions.swift; sourceTree = "<group>"; };
		82613EBB24FE5D4E006EF5BD /* GpApiTokenManagementTests.swift */ = {isa = PBXFileReference; lastKnownFileType = sourcecode.swift; path = GpApiTokenManagementTests.swift; sourceTree = "<group>"; };
		8267BC9724DAB5F100AF64D2 /* GpApiCreditTests.swift */ = {isa = PBXFileReference; lastKnownFileType = sourcecode.swift; path = GpApiCreditTests.swift; sourceTree = "<group>"; };
		82B0485724AF367600FC32EC /* CardUtilsTests.swift */ = {isa = PBXFileReference; lastKnownFileType = sourcecode.swift; path = CardUtilsTests.swift; sourceTree = "<group>"; };
		82FAF8DC2535B16E00B10401 /* gp_logo.png */ = {isa = PBXFileReference; lastKnownFileType = image.png; path = gp_logo.png; sourceTree = "<group>"; };
		82FAF8DD2535B16E00B10401 /* gp_logo.pdf */ = {isa = PBXFileReference; lastKnownFileType = image.pdf; path = gp_logo.pdf; sourceTree = "<group>"; };
		82FAF8E32535B2B500B10401 /* ResouceLoader.swift */ = {isa = PBXFileReference; lastKnownFileType = sourcecode.swift; path = ResouceLoader.swift; sourceTree = "<group>"; };
		866C760D426DC19D7E0BA8F6 /* LICENSE */ = {isa = PBXFileReference; includeInIndex = 1; lastKnownFileType = text; name = LICENSE; path = ../LICENSE; sourceTree = "<group>"; };
		A3321008DB1409EE8F482E4A /* Pods-GlobalPayments-iOS-SDK_Tests.release.xcconfig */ = {isa = PBXFileReference; includeInIndex = 1; lastKnownFileType = text.xcconfig; name = "Pods-GlobalPayments-iOS-SDK_Tests.release.xcconfig"; path = "Target Support Files/Pods-GlobalPayments-iOS-SDK_Tests/Pods-GlobalPayments-iOS-SDK_Tests.release.xcconfig"; sourceTree = "<group>"; };
/* End PBXFileReference section */

/* Begin PBXFrameworksBuildPhase section */
		607FACCD1AFB9204008FA782 /* Frameworks */ = {
			isa = PBXFrameworksBuildPhase;
			buildActionMask = 2147483647;
			files = (
				B3C3C7004F930D956F772A64 /* Pods_GlobalPayments_iOS_SDK_Example.framework in Frameworks */,
			);
			runOnlyForDeploymentPostprocessing = 0;
		};
		607FACE21AFB9204008FA782 /* Frameworks */ = {
			isa = PBXFrameworksBuildPhase;
			buildActionMask = 2147483647;
			files = (
				06C80B851E55AD27D8857B82 /* Pods_GlobalPayments_iOS_SDK_Tests.framework in Frameworks */,
			);
			runOnlyForDeploymentPostprocessing = 0;
		};
/* End PBXFrameworksBuildPhase section */

/* Begin PBXGroup section */
		2919C221982D6B176F55C9C9 /* Pods */ = {
			isa = PBXGroup;
			children = (
				3D967F781B7EDA086B664CC6 /* Pods-GlobalPayments-iOS-SDK_Example.debug.xcconfig */,
				25872CCBB9B9D3BAA3E1C009 /* Pods-GlobalPayments-iOS-SDK_Example.release.xcconfig */,
				37187487A0802F473CB34DD9 /* Pods-GlobalPayments-iOS-SDK_Tests.debug.xcconfig */,
				A3321008DB1409EE8F482E4A /* Pods-GlobalPayments-iOS-SDK_Tests.release.xcconfig */,
			);
			path = Pods;
			sourceTree = "<group>";
		};
		607FACC71AFB9204008FA782 = {
			isa = PBXGroup;
			children = (
				607FACF51AFB993E008FA782 /* Podspec Metadata */,
				607FACD21AFB9204008FA782 /* Example for GlobalPayments-iOS-SDK */,
				607FACE81AFB9204008FA782 /* Tests */,
				607FACD11AFB9204008FA782 /* Products */,
				2919C221982D6B176F55C9C9 /* Pods */,
				D96F282A842265BC4AB41241 /* Frameworks */,
			);
			sourceTree = "<group>";
		};
		607FACD11AFB9204008FA782 /* Products */ = {
			isa = PBXGroup;
			children = (
				607FACD01AFB9204008FA782 /* GlobalPayments-iOS-SDK_Example.app */,
				607FACE51AFB9204008FA782 /* GlobalPayments-iOS-SDK_Tests.xctest */,
			);
			name = Products;
			sourceTree = "<group>";
		};
		607FACD21AFB9204008FA782 /* Example for GlobalPayments-iOS-SDK */ = {
			isa = PBXGroup;
			children = (
				607FACD51AFB9204008FA782 /* AppDelegate.swift */,
				8258B115255C1B4100D02721 /* Modules */,
				8258B15C255C2FB100D02721 /* Extensions */,
				8258B116255C1B4500D02721 /* Utils */,
				8258B12E255C1EB600D02721 /* Design */,
				8258B13A255C251E00D02721 /* Resources */,
				607FACD31AFB9204008FA782 /* Supporting Files */,
			);
			name = "Example for GlobalPayments-iOS-SDK";
			path = "GlobalPayments-iOS-SDK";
			sourceTree = "<group>";
		};
		607FACD31AFB9204008FA782 /* Supporting Files */ = {
			isa = PBXGroup;
			children = (
				607FACD41AFB9204008FA782 /* Info.plist */,
			);
			name = "Supporting Files";
			sourceTree = "<group>";
		};
		607FACE81AFB9204008FA782 /* Tests */ = {
			isa = PBXGroup;
			children = (
				824A16EB24E3EA230060944B /* BuilderValidationTests.swift */,
				8267BC9624DAB5B700AF64D2 /* GpApi */,
				607FACE91AFB9204008FA782 /* Supporting Files */,
				82B0485624AF366700FC32EC /* UtilsTests */,
				82FAF8E22535B2A700B10401 /* Utils */,
			);
			path = Tests;
			sourceTree = "<group>";
		};
		607FACE91AFB9204008FA782 /* Supporting Files */ = {
			isa = PBXGroup;
			children = (
				82FAF8DB2535B14600B10401 /* Resources */,
				607FACEA1AFB9204008FA782 /* Info.plist */,
			);
			name = "Supporting Files";
			sourceTree = "<group>";
		};
		607FACF51AFB993E008FA782 /* Podspec Metadata */ = {
			isa = PBXGroup;
			children = (
				58FEA9F194AA0CFA78C12075 /* GlobalPayments-iOS-SDK.podspec */,
				25E89B4C4C3BC69C6EA4BF0A /* README.md */,
				866C760D426DC19D7E0BA8F6 /* LICENSE */,
			);
			name = "Podspec Metadata";
			sourceTree = "<group>";
		};
		8244D695255D760200739364 /* GlobalPay */ = {
			isa = PBXGroup;
			children = (
				8244D696255D762200739364 /* Models */,
				8244D69F255D76D800739364 /* GlobalPay.storyboard */,
				8244D6A3255D76E700739364 /* GlobalPayListBuilder.swift */,
				8244D6A7255D76F500739364 /* GlobalPayViewController.swift */,
				8244D6AB255D76FE00739364 /* GlobalPayRouter.swift */,
				8244D6C1255E98A800739364 /* AccessToken */,
			);
			path = GlobalPay;
			sourceTree = "<group>";
		};
		8244D696255D762200739364 /* Models */ = {
			isa = PBXGroup;
			children = (
				8244D697255D766100739364 /* GlobalPayModel.swift */,
			);
			path = Models;
			sourceTree = "<group>";
		};
		8244D6C1255E98A800739364 /* AccessToken */ = {
			isa = PBXGroup;
			children = (
				8244D6E8255EBDC800739364 /* Views */,
				8244D6C6255E99C200739364 /* AccessTokenBuilder.swift */,
				8244D6D7255EAD5F00739364 /* AccessTokenViewModel.swift */,
				8244D6FB25629DBA00739364 /* AccessTokenRouter.swift */,
				8244D6C2255E98D400739364 /* AccessTokenViewController.swift */,
				8244D70125629F7C00739364 /* AccessTokenForm */,
			);
			path = AccessToken;
			sourceTree = "<group>";
		};
		8244D6DF255EB11D00739364 /* ResultTableViewCell */ = {
			isa = PBXGroup;
			children = (
				8244D6E0255EB14100739364 /* ResultTableViewCell.swift */,
				8244D6E1255EB14100739364 /* ResultTableViewCell.xib */,
			);
			path = ResultTableViewCell;
			sourceTree = "<group>";
		};
		8244D6E8255EBDC800739364 /* Views */ = {
			isa = PBXGroup;
			children = (
				8244D6E9255EBE3F00739364 /* AccessTokenView.swift */,
				8244D6EF255EBE4500739364 /* AccessTokenView.xib */,
			);
			path = Views;
			sourceTree = "<group>";
		};
		8244D70125629F7C00739364 /* AccessTokenForm */ = {
			isa = PBXGroup;
			children = (
				8244D6F725629C0400739364 /* AccessTokenFormViewController.swift */,
				8244D70225629FA900739364 /* AccessTokenFormBuilder.swift */,
			);
			path = AccessTokenForm;
			sourceTree = "<group>";
		};
		8258B115255C1B4100D02721 /* Modules */ = {
			isa = PBXGroup;
			children = (
				8258B167255C38DB00D02721 /* Components */,
				8258B11D255C1B9200D02721 /* Gateways */,
				8244D695255D760200739364 /* GlobalPay */,
			);
			path = Modules;
			sourceTree = "<group>";
		};
		8258B116255C1B4500D02721 /* Utils */ = {
			isa = PBXGroup;
			children = (
				8258B117255C1B6900D02721 /* StoryboardInstantiable.swift */,
				8258B163255C36DD00D02721 /* CellIdentifiable.swift */,
				8244D687255D692A00739364 /* Router.swift */,
			);
			path = Utils;
			sourceTree = "<group>";
		};
		8258B11D255C1B9200D02721 /* Gateways */ = {
			isa = PBXGroup;
			children = (
				8258B175255C412300D02721 /* Models */,
				8258B11E255C1C0900D02721 /* Gateways.storyboard */,
				8258B122255C1C2200D02721 /* GatewaysListBuilder.swift */,
				8258B126255C1CC500D02721 /* GatewaysViewController.swift */,
				8244D68D255D6EB900739364 /* GatewaysRouter.swift */,
			);
			path = Gateways;
			sourceTree = "<group>";
		};
		8258B12E255C1EB600D02721 /* Design */ = {
			isa = PBXGroup;
			children = (
				8258B12F255C1ECB00D02721 /* Theme.swift */,
			);
			path = Design;
			sourceTree = "<group>";
		};
		8258B13A255C251E00D02721 /* Resources */ = {
			isa = PBXGroup;
			children = (
				607FACDC1AFB9204008FA782 /* Images.xcassets */,
				607FACDE1AFB9204008FA782 /* LaunchScreen.xib */,
				8258B145255C27EE00D02721 /* Localizable.strings */,
				8244D6D1255EACF300739364 /* Constants.swift */,
			);
			path = Resources;
			sourceTree = "<group>";
		};
		8258B15C255C2FB100D02721 /* Extensions */ = {
			isa = PBXGroup;
			children = (
				8258B15D255C2FC400D02721 /* StringExtensions.swift */,
				8244D691255D74F400739364 /* UIViewControllerExtensions.swift */,
				8244D6CA255EA28300739364 /* UIButtonExtensions.swift */,
				8244D6F3255ECCAF00739364 /* UIViewExtensions.swift */,
				8259A3572562CB6C00652BB7 /* UITextFieldExtensions.swift */,
			);
			path = Extensions;
			sourceTree = "<group>";
		};
		8258B167255C38DB00D02721 /* Components */ = {
			isa = PBXGroup;
			children = (
				8258B168255C38EA00D02721 /* SelectableTableViewCell */,
				8244D6DF255EB11D00739364 /* ResultTableViewCell */,
			);
			path = Components;
			sourceTree = "<group>";
		};
		8258B168255C38EA00D02721 /* SelectableTableViewCell */ = {
			isa = PBXGroup;
			children = (
				8258B169255C390C00D02721 /* SelectableTableViewCell.swift */,
				8258B16A255C390C00D02721 /* SelectableTableViewCell.xib */,
			);
			path = SelectableTableViewCell;
			sourceTree = "<group>";
		};
		8258B175255C412300D02721 /* Models */ = {
			isa = PBXGroup;
			children = (
				8258B171255C3FBF00D02721 /* GatewayModel.swift */,
			);
			path = Models;
			sourceTree = "<group>";
		};
		8267BC9624DAB5B700AF64D2 /* GpApi */ = {
			isa = PBXGroup;
			children = (
				8267BC9724DAB5F100AF64D2 /* GpApiCreditTests.swift */,
				824451C024E1801D0080D06B /* GpApiDebitTests.swift */,
				824451BB24E150410080D06B /* GpApiReportingTests.swift */,
				8252038B24E2A72000784248 /* GpApiEbtTests.swift */,
				82613EBB24FE5D4E006EF5BD /* GpApiTokenManagementTests.swift */,
				8218B1E52521CFD6009DC67A /* GpApiAuthenticationTests.swift */,
			);
			path = GpApi;
			sourceTree = "<group>";
		};
		82B0485624AF366700FC32EC /* UtilsTests */ = {
			isa = PBXGroup;
			children = (
				82B0485724AF367600FC32EC /* CardUtilsTests.swift */,
				8252038D24E2C15600784248 /* CountryUtilsTests.swift */,
			);
			path = UtilsTests;
			sourceTree = "<group>";
		};
		82FAF8DB2535B14600B10401 /* Resources */ = {
			isa = PBXGroup;
			children = (
				82FAF8DD2535B16E00B10401 /* gp_logo.pdf */,
				82FAF8DC2535B16E00B10401 /* gp_logo.png */,
			);
			path = Resources;
			sourceTree = "<group>";
		};
		82FAF8E22535B2A700B10401 /* Utils */ = {
			isa = PBXGroup;
			children = (
				82FAF8E32535B2B500B10401 /* ResouceLoader.swift */,
			);
			path = Utils;
			sourceTree = "<group>";
		};
		D96F282A842265BC4AB41241 /* Frameworks */ = {
			isa = PBXGroup;
			children = (
				650520B915FF8897EC1F1768 /* Pods_GlobalPayments_iOS_SDK_Example.framework */,
				6553D79D618AA4E0206C383D /* Pods_GlobalPayments_iOS_SDK_Tests.framework */,
			);
			name = Frameworks;
			sourceTree = "<group>";
		};
/* End PBXGroup section */

/* Begin PBXNativeTarget section */
		607FACCF1AFB9204008FA782 /* GlobalPayments-iOS-SDK_Example */ = {
			isa = PBXNativeTarget;
			buildConfigurationList = 607FACEF1AFB9204008FA782 /* Build configuration list for PBXNativeTarget "GlobalPayments-iOS-SDK_Example" */;
			buildPhases = (
				65E0F4100E85FFC359FE2F30 /* [CP] Check Pods Manifest.lock */,
				607FACCC1AFB9204008FA782 /* Sources */,
				607FACCD1AFB9204008FA782 /* Frameworks */,
				607FACCE1AFB9204008FA782 /* Resources */,
				449BD73F4B949C25FBC635B4 /* [CP] Embed Pods Frameworks */,
			);
			buildRules = (
			);
			dependencies = (
			);
			name = "GlobalPayments-iOS-SDK_Example";
			productName = "GlobalPayments-iOS-SDK";
			productReference = 607FACD01AFB9204008FA782 /* GlobalPayments-iOS-SDK_Example.app */;
			productType = "com.apple.product-type.application";
		};
		607FACE41AFB9204008FA782 /* GlobalPayments-iOS-SDK_Tests */ = {
			isa = PBXNativeTarget;
			buildConfigurationList = 607FACF21AFB9204008FA782 /* Build configuration list for PBXNativeTarget "GlobalPayments-iOS-SDK_Tests" */;
			buildPhases = (
				226AA0C242E4A6152953F835 /* [CP] Check Pods Manifest.lock */,
				607FACE11AFB9204008FA782 /* Sources */,
				607FACE21AFB9204008FA782 /* Frameworks */,
				607FACE31AFB9204008FA782 /* Resources */,
				14A44943F109EC691F814D5A /* [CP] Embed Pods Frameworks */,
			);
			buildRules = (
			);
			dependencies = (
				607FACE71AFB9204008FA782 /* PBXTargetDependency */,
			);
			name = "GlobalPayments-iOS-SDK_Tests";
			productName = Tests;
			productReference = 607FACE51AFB9204008FA782 /* GlobalPayments-iOS-SDK_Tests.xctest */;
			productType = "com.apple.product-type.bundle.unit-test";
		};
/* End PBXNativeTarget section */

/* Begin PBXProject section */
		607FACC81AFB9204008FA782 /* Project object */ = {
			isa = PBXProject;
			attributes = {
				LastSwiftUpdateCheck = 0830;
				LastUpgradeCheck = 1200;
				ORGANIZATIONNAME = CocoaPods;
				TargetAttributes = {
					607FACCF1AFB9204008FA782 = {
						CreatedOnToolsVersion = 6.3.1;
						LastSwiftMigration = 1130;
					};
					607FACE41AFB9204008FA782 = {
						CreatedOnToolsVersion = 6.3.1;
						LastSwiftMigration = 1130;
						TestTargetID = 607FACCF1AFB9204008FA782;
					};
				};
			};
			buildConfigurationList = 607FACCB1AFB9204008FA782 /* Build configuration list for PBXProject "GlobalPayments-iOS-SDK" */;
			compatibilityVersion = "Xcode 3.2";
			developmentRegion = en;
			hasScannedForEncodings = 0;
			knownRegions = (
				en,
				Base,
			);
			mainGroup = 607FACC71AFB9204008FA782;
			productRefGroup = 607FACD11AFB9204008FA782 /* Products */;
			projectDirPath = "";
			projectRoot = "";
			targets = (
				607FACCF1AFB9204008FA782 /* GlobalPayments-iOS-SDK_Example */,
				607FACE41AFB9204008FA782 /* GlobalPayments-iOS-SDK_Tests */,
			);
		};
/* End PBXProject section */

/* Begin PBXResourcesBuildPhase section */
		607FACCE1AFB9204008FA782 /* Resources */ = {
			isa = PBXResourcesBuildPhase;
			buildActionMask = 2147483647;
			files = (
				607FACE01AFB9204008FA782 /* LaunchScreen.xib in Resources */,
				8258B143255C27EE00D02721 /* Localizable.strings in Resources */,
				8244D6F0255EBE4500739364 /* AccessTokenView.xib in Resources */,
				8244D6A0255D76D800739364 /* GlobalPay.storyboard in Resources */,
				607FACDD1AFB9204008FA782 /* Images.xcassets in Resources */,
				8244D6E3255EB14100739364 /* ResultTableViewCell.xib in Resources */,
				8258B16C255C390C00D02721 /* SelectableTableViewCell.xib in Resources */,
				8258B11F255C1C0900D02721 /* Gateways.storyboard in Resources */,
			);
			runOnlyForDeploymentPostprocessing = 0;
		};
		607FACE31AFB9204008FA782 /* Resources */ = {
			isa = PBXResourcesBuildPhase;
			buildActionMask = 2147483647;
			files = (
				82FAF8DE2535B16E00B10401 /* gp_logo.png in Resources */,
				82FAF8DF2535B16E00B10401 /* gp_logo.pdf in Resources */,
			);
			runOnlyForDeploymentPostprocessing = 0;
		};
/* End PBXResourcesBuildPhase section */

/* Begin PBXShellScriptBuildPhase section */
		14A44943F109EC691F814D5A /* [CP] Embed Pods Frameworks */ = {
			isa = PBXShellScriptBuildPhase;
			buildActionMask = 2147483647;
			files = (
			);
			inputPaths = (
				"${PODS_ROOT}/Target Support Files/Pods-GlobalPayments-iOS-SDK_Tests/Pods-GlobalPayments-iOS-SDK_Tests-frameworks.sh",
				"${BUILT_PRODUCTS_DIR}/GlobalPayments-iOS-SDK/GlobalPayments_iOS_SDK.framework",
			);
			name = "[CP] Embed Pods Frameworks";
			outputPaths = (
				"${TARGET_BUILD_DIR}/${FRAMEWORKS_FOLDER_PATH}/GlobalPayments_iOS_SDK.framework",
			);
			runOnlyForDeploymentPostprocessing = 0;
			shellPath = /bin/sh;
			shellScript = "\"${PODS_ROOT}/Target Support Files/Pods-GlobalPayments-iOS-SDK_Tests/Pods-GlobalPayments-iOS-SDK_Tests-frameworks.sh\"\n";
			showEnvVarsInLog = 0;
		};
		226AA0C242E4A6152953F835 /* [CP] Check Pods Manifest.lock */ = {
			isa = PBXShellScriptBuildPhase;
			buildActionMask = 2147483647;
			files = (
			);
			inputFileListPaths = (
			);
			inputPaths = (
				"${PODS_PODFILE_DIR_PATH}/Podfile.lock",
				"${PODS_ROOT}/Manifest.lock",
			);
			name = "[CP] Check Pods Manifest.lock";
			outputFileListPaths = (
			);
			outputPaths = (
				"$(DERIVED_FILE_DIR)/Pods-GlobalPayments-iOS-SDK_Tests-checkManifestLockResult.txt",
			);
			runOnlyForDeploymentPostprocessing = 0;
			shellPath = /bin/sh;
			shellScript = "diff \"${PODS_PODFILE_DIR_PATH}/Podfile.lock\" \"${PODS_ROOT}/Manifest.lock\" > /dev/null\nif [ $? != 0 ] ; then\n    # print error to STDERR\n    echo \"error: The sandbox is not in sync with the Podfile.lock. Run 'pod install' or update your CocoaPods installation.\" >&2\n    exit 1\nfi\n# This output is used by Xcode 'outputs' to avoid re-running this script phase.\necho \"SUCCESS\" > \"${SCRIPT_OUTPUT_FILE_0}\"\n";
			showEnvVarsInLog = 0;
		};
		449BD73F4B949C25FBC635B4 /* [CP] Embed Pods Frameworks */ = {
			isa = PBXShellScriptBuildPhase;
			buildActionMask = 2147483647;
			files = (
			);
			inputPaths = (
				"${PODS_ROOT}/Target Support Files/Pods-GlobalPayments-iOS-SDK_Example/Pods-GlobalPayments-iOS-SDK_Example-frameworks.sh",
				"${BUILT_PRODUCTS_DIR}/GlobalPayments-iOS-SDK/GlobalPayments_iOS_SDK.framework",
			);
			name = "[CP] Embed Pods Frameworks";
			outputPaths = (
				"${TARGET_BUILD_DIR}/${FRAMEWORKS_FOLDER_PATH}/GlobalPayments_iOS_SDK.framework",
			);
			runOnlyForDeploymentPostprocessing = 0;
			shellPath = /bin/sh;
			shellScript = "\"${PODS_ROOT}/Target Support Files/Pods-GlobalPayments-iOS-SDK_Example/Pods-GlobalPayments-iOS-SDK_Example-frameworks.sh\"\n";
			showEnvVarsInLog = 0;
		};
		65E0F4100E85FFC359FE2F30 /* [CP] Check Pods Manifest.lock */ = {
			isa = PBXShellScriptBuildPhase;
			buildActionMask = 2147483647;
			files = (
			);
			inputFileListPaths = (
			);
			inputPaths = (
				"${PODS_PODFILE_DIR_PATH}/Podfile.lock",
				"${PODS_ROOT}/Manifest.lock",
			);
			name = "[CP] Check Pods Manifest.lock";
			outputFileListPaths = (
			);
			outputPaths = (
				"$(DERIVED_FILE_DIR)/Pods-GlobalPayments-iOS-SDK_Example-checkManifestLockResult.txt",
			);
			runOnlyForDeploymentPostprocessing = 0;
			shellPath = /bin/sh;
			shellScript = "diff \"${PODS_PODFILE_DIR_PATH}/Podfile.lock\" \"${PODS_ROOT}/Manifest.lock\" > /dev/null\nif [ $? != 0 ] ; then\n    # print error to STDERR\n    echo \"error: The sandbox is not in sync with the Podfile.lock. Run 'pod install' or update your CocoaPods installation.\" >&2\n    exit 1\nfi\n# This output is used by Xcode 'outputs' to avoid re-running this script phase.\necho \"SUCCESS\" > \"${SCRIPT_OUTPUT_FILE_0}\"\n";
			showEnvVarsInLog = 0;
		};
/* End PBXShellScriptBuildPhase section */

/* Begin PBXSourcesBuildPhase section */
		607FACCC1AFB9204008FA782 /* Sources */ = {
			isa = PBXSourcesBuildPhase;
			buildActionMask = 2147483647;
			files = (
				8244D698255D766100739364 /* GlobalPayModel.swift in Sources */,
				8244D6E2255EB14100739364 /* ResultTableViewCell.swift in Sources */,
				8244D6A4255D76E700739364 /* GlobalPayListBuilder.swift in Sources */,
				8258B15E255C2FC400D02721 /* StringExtensions.swift in Sources */,
				8244D688255D692A00739364 /* Router.swift in Sources */,
				8244D6A8255D76F500739364 /* GlobalPayViewController.swift in Sources */,
				8244D6CB255EA28300739364 /* UIButtonExtensions.swift in Sources */,
				8244D68E255D6EB900739364 /* GatewaysRouter.swift in Sources */,
				8258B123255C1C2200D02721 /* GatewaysListBuilder.swift in Sources */,
				8244D6F825629C0400739364 /* AccessTokenFormViewController.swift in Sources */,
				8244D692255D74F400739364 /* UIViewControllerExtensions.swift in Sources */,
				8244D6D8255EAD5F00739364 /* AccessTokenViewModel.swift in Sources */,
				8244D70325629FA900739364 /* AccessTokenFormBuilder.swift in Sources */,
				8258B127255C1CC500D02721 /* GatewaysViewController.swift in Sources */,
				8244D6D2255EACF300739364 /* Constants.swift in Sources */,
				8244D6EA255EBE3F00739364 /* AccessTokenView.swift in Sources */,
				8259A3582562CB6C00652BB7 /* UITextFieldExtensions.swift in Sources */,
				8244D6C3255E98D400739364 /* AccessTokenViewController.swift in Sources */,
				8258B164255C36DD00D02721 /* CellIdentifiable.swift in Sources */,
				8244D6C7255E99C200739364 /* AccessTokenBuilder.swift in Sources */,
				8244D6FC25629DBA00739364 /* AccessTokenRouter.swift in Sources */,
				8258B118255C1B6900D02721 /* StoryboardInstantiable.swift in Sources */,
				8258B172255C3FBF00D02721 /* GatewayModel.swift in Sources */,
				8244D6AC255D76FE00739364 /* GlobalPayRouter.swift in Sources */,
				8244D6F4255ECCAF00739364 /* UIViewExtensions.swift in Sources */,
				8258B130255C1ECB00D02721 /* Theme.swift in Sources */,
				607FACD61AFB9204008FA782 /* AppDelegate.swift in Sources */,
				8258B16B255C390C00D02721 /* SelectableTableViewCell.swift in Sources */,
			);
			runOnlyForDeploymentPostprocessing = 0;
		};
		607FACE11AFB9204008FA782 /* Sources */ = {
			isa = PBXSourcesBuildPhase;
			buildActionMask = 2147483647;
			files = (
				824451C124E1801D0080D06B /* GpApiDebitTests.swift in Sources */,
				82FAF8E42535B2B500B10401 /* ResouceLoader.swift in Sources */,
				8252038C24E2A72000784248 /* GpApiEbtTests.swift in Sources */,
				82B0485824AF367600FC32EC /* CardUtilsTests.swift in Sources */,
				824451BC24E150410080D06B /* GpApiReportingTests.swift in Sources */,
				8218B1E62521CFD6009DC67A /* GpApiAuthenticationTests.swift in Sources */,
				82613EBC24FE5D4E006EF5BD /* GpApiTokenManagementTests.swift in Sources */,
				8252038E24E2C15600784248 /* CountryUtilsTests.swift in Sources */,
				824A16EC24E3EA230060944B /* BuilderValidationTests.swift in Sources */,
				8267BC9824DAB5F100AF64D2 /* GpApiCreditTests.swift in Sources */,
			);
			runOnlyForDeploymentPostprocessing = 0;
		};
/* End PBXSourcesBuildPhase section */

/* Begin PBXTargetDependency section */
		607FACE71AFB9204008FA782 /* PBXTargetDependency */ = {
			isa = PBXTargetDependency;
			target = 607FACCF1AFB9204008FA782 /* GlobalPayments-iOS-SDK_Example */;
			targetProxy = 607FACE61AFB9204008FA782 /* PBXContainerItemProxy */;
		};
/* End PBXTargetDependency section */

/* Begin PBXVariantGroup section */
		607FACDE1AFB9204008FA782 /* LaunchScreen.xib */ = {
			isa = PBXVariantGroup;
			children = (
				607FACDF1AFB9204008FA782 /* Base */,
			);
			name = LaunchScreen.xib;
			sourceTree = "<group>";
		};
		8258B145255C27EE00D02721 /* Localizable.strings */ = {
			isa = PBXVariantGroup;
			children = (
				8258B144255C27EE00D02721 /* en */,
			);
			name = Localizable.strings;
			sourceTree = "<group>";
		};
/* End PBXVariantGroup section */

/* Begin XCBuildConfiguration section */
		607FACED1AFB9204008FA782 /* Debug */ = {
			isa = XCBuildConfiguration;
			buildSettings = {
				ALWAYS_SEARCH_USER_PATHS = NO;
				CLANG_ANALYZER_LOCALIZABILITY_NONLOCALIZED = YES;
				CLANG_CXX_LANGUAGE_STANDARD = "gnu++0x";
				CLANG_CXX_LIBRARY = "libc++";
				CLANG_ENABLE_MODULES = YES;
				CLANG_ENABLE_OBJC_ARC = YES;
				CLANG_WARN_BLOCK_CAPTURE_AUTORELEASING = YES;
				CLANG_WARN_BOOL_CONVERSION = YES;
				CLANG_WARN_COMMA = YES;
				CLANG_WARN_CONSTANT_CONVERSION = YES;
				CLANG_WARN_DEPRECATED_OBJC_IMPLEMENTATIONS = YES;
				CLANG_WARN_DIRECT_OBJC_ISA_USAGE = YES_ERROR;
				CLANG_WARN_EMPTY_BODY = YES;
				CLANG_WARN_ENUM_CONVERSION = YES;
				CLANG_WARN_INFINITE_RECURSION = YES;
				CLANG_WARN_INT_CONVERSION = YES;
				CLANG_WARN_NON_LITERAL_NULL_CONVERSION = YES;
				CLANG_WARN_OBJC_IMPLICIT_RETAIN_SELF = YES;
				CLANG_WARN_OBJC_LITERAL_CONVERSION = YES;
				CLANG_WARN_OBJC_ROOT_CLASS = YES_ERROR;
				CLANG_WARN_QUOTED_INCLUDE_IN_FRAMEWORK_HEADER = YES;
				CLANG_WARN_RANGE_LOOP_ANALYSIS = YES;
				CLANG_WARN_STRICT_PROTOTYPES = YES;
				CLANG_WARN_SUSPICIOUS_MOVE = YES;
				CLANG_WARN_UNREACHABLE_CODE = YES;
				CLANG_WARN__DUPLICATE_METHOD_MATCH = YES;
				"CODE_SIGN_IDENTITY[sdk=iphoneos*]" = "iPhone Developer";
				COPY_PHASE_STRIP = NO;
				DEBUG_INFORMATION_FORMAT = "dwarf-with-dsym";
				ENABLE_STRICT_OBJC_MSGSEND = YES;
				ENABLE_TESTABILITY = YES;
				GCC_C_LANGUAGE_STANDARD = gnu99;
				GCC_DYNAMIC_NO_PIC = NO;
				GCC_NO_COMMON_BLOCKS = YES;
				GCC_OPTIMIZATION_LEVEL = 0;
				GCC_PREPROCESSOR_DEFINITIONS = (
					"DEBUG=1",
					"$(inherited)",
				);
				GCC_SYMBOLS_PRIVATE_EXTERN = NO;
				GCC_WARN_64_TO_32_BIT_CONVERSION = YES;
				GCC_WARN_ABOUT_RETURN_TYPE = YES_ERROR;
				GCC_WARN_UNDECLARED_SELECTOR = YES;
				GCC_WARN_UNINITIALIZED_AUTOS = YES_AGGRESSIVE;
				GCC_WARN_UNUSED_FUNCTION = YES;
				GCC_WARN_UNUSED_VARIABLE = YES;
				IPHONEOS_DEPLOYMENT_TARGET = 9.0;
				MTL_ENABLE_DEBUG_INFO = YES;
				ONLY_ACTIVE_ARCH = YES;
				SDKROOT = iphoneos;
				SWIFT_OPTIMIZATION_LEVEL = "-Onone";
			};
			name = Debug;
		};
		607FACEE1AFB9204008FA782 /* Release */ = {
			isa = XCBuildConfiguration;
			buildSettings = {
				ALWAYS_SEARCH_USER_PATHS = NO;
				CLANG_ANALYZER_LOCALIZABILITY_NONLOCALIZED = YES;
				CLANG_CXX_LANGUAGE_STANDARD = "gnu++0x";
				CLANG_CXX_LIBRARY = "libc++";
				CLANG_ENABLE_MODULES = YES;
				CLANG_ENABLE_OBJC_ARC = YES;
				CLANG_WARN_BLOCK_CAPTURE_AUTORELEASING = YES;
				CLANG_WARN_BOOL_CONVERSION = YES;
				CLANG_WARN_COMMA = YES;
				CLANG_WARN_CONSTANT_CONVERSION = YES;
				CLANG_WARN_DEPRECATED_OBJC_IMPLEMENTATIONS = YES;
				CLANG_WARN_DIRECT_OBJC_ISA_USAGE = YES_ERROR;
				CLANG_WARN_EMPTY_BODY = YES;
				CLANG_WARN_ENUM_CONVERSION = YES;
				CLANG_WARN_INFINITE_RECURSION = YES;
				CLANG_WARN_INT_CONVERSION = YES;
				CLANG_WARN_NON_LITERAL_NULL_CONVERSION = YES;
				CLANG_WARN_OBJC_IMPLICIT_RETAIN_SELF = YES;
				CLANG_WARN_OBJC_LITERAL_CONVERSION = YES;
				CLANG_WARN_OBJC_ROOT_CLASS = YES_ERROR;
				CLANG_WARN_QUOTED_INCLUDE_IN_FRAMEWORK_HEADER = YES;
				CLANG_WARN_RANGE_LOOP_ANALYSIS = YES;
				CLANG_WARN_STRICT_PROTOTYPES = YES;
				CLANG_WARN_SUSPICIOUS_MOVE = YES;
				CLANG_WARN_UNREACHABLE_CODE = YES;
				CLANG_WARN__DUPLICATE_METHOD_MATCH = YES;
				"CODE_SIGN_IDENTITY[sdk=iphoneos*]" = "iPhone Developer";
				COPY_PHASE_STRIP = NO;
				DEBUG_INFORMATION_FORMAT = "dwarf-with-dsym";
				ENABLE_NS_ASSERTIONS = NO;
				ENABLE_STRICT_OBJC_MSGSEND = YES;
				GCC_C_LANGUAGE_STANDARD = gnu99;
				GCC_NO_COMMON_BLOCKS = YES;
				GCC_WARN_64_TO_32_BIT_CONVERSION = YES;
				GCC_WARN_ABOUT_RETURN_TYPE = YES_ERROR;
				GCC_WARN_UNDECLARED_SELECTOR = YES;
				GCC_WARN_UNINITIALIZED_AUTOS = YES_AGGRESSIVE;
				GCC_WARN_UNUSED_FUNCTION = YES;
				GCC_WARN_UNUSED_VARIABLE = YES;
				IPHONEOS_DEPLOYMENT_TARGET = 9.0;
				MTL_ENABLE_DEBUG_INFO = NO;
				SDKROOT = iphoneos;
				SWIFT_OPTIMIZATION_LEVEL = "-Owholemodule";
				VALIDATE_PRODUCT = YES;
			};
			name = Release;
		};
		607FACF01AFB9204008FA782 /* Debug */ = {
			isa = XCBuildConfiguration;
			baseConfigurationReference = 3D967F781B7EDA086B664CC6 /* Pods-GlobalPayments-iOS-SDK_Example.debug.xcconfig */;
			buildSettings = {
				ASSETCATALOG_COMPILER_APPICON_NAME = AppIcon;
				INFOPLIST_FILE = "GlobalPayments-iOS-SDK/Info.plist";
				IPHONEOS_DEPLOYMENT_TARGET = 9.0;
				LD_RUNPATH_SEARCH_PATHS = "$(inherited) @executable_path/Frameworks";
				MODULE_NAME = ExampleApp;
				PRODUCT_BUNDLE_IDENTIFIER = "org.cocoapods.demo.$(PRODUCT_NAME:rfc1034identifier)";
				PRODUCT_NAME = "$(TARGET_NAME)";
				SWIFT_SWIFT3_OBJC_INFERENCE = Default;
				SWIFT_VERSION = 5.0;
			};
			name = Debug;
		};
		607FACF11AFB9204008FA782 /* Release */ = {
			isa = XCBuildConfiguration;
			baseConfigurationReference = 25872CCBB9B9D3BAA3E1C009 /* Pods-GlobalPayments-iOS-SDK_Example.release.xcconfig */;
			buildSettings = {
				ASSETCATALOG_COMPILER_APPICON_NAME = AppIcon;
				INFOPLIST_FILE = "GlobalPayments-iOS-SDK/Info.plist";
				IPHONEOS_DEPLOYMENT_TARGET = 9.0;
				LD_RUNPATH_SEARCH_PATHS = "$(inherited) @executable_path/Frameworks";
				MODULE_NAME = ExampleApp;
				PRODUCT_BUNDLE_IDENTIFIER = "org.cocoapods.demo.$(PRODUCT_NAME:rfc1034identifier)";
				PRODUCT_NAME = "$(TARGET_NAME)";
				SWIFT_SWIFT3_OBJC_INFERENCE = Default;
				SWIFT_VERSION = 5.0;
			};
			name = Release;
		};
		607FACF31AFB9204008FA782 /* Debug */ = {
			isa = XCBuildConfiguration;
			baseConfigurationReference = 37187487A0802F473CB34DD9 /* Pods-GlobalPayments-iOS-SDK_Tests.debug.xcconfig */;
			buildSettings = {
				FRAMEWORK_SEARCH_PATHS = (
					"$(PLATFORM_DIR)/Developer/Library/Frameworks",
					"$(inherited)",
				);
				GCC_PREPROCESSOR_DEFINITIONS = (
					"DEBUG=1",
					"$(inherited)",
				);
				INFOPLIST_FILE = Tests/Info.plist;
				LD_RUNPATH_SEARCH_PATHS = "$(inherited) @executable_path/Frameworks @loader_path/Frameworks";
				PRODUCT_BUNDLE_IDENTIFIER = "org.cocoapods.$(PRODUCT_NAME:rfc1034identifier)";
				PRODUCT_NAME = "$(TARGET_NAME)";
				SWIFT_SWIFT3_OBJC_INFERENCE = Default;
				SWIFT_VERSION = 5.0;
				TEST_HOST = "$(BUILT_PRODUCTS_DIR)/GlobalPayments-iOS-SDK_Example.app/GlobalPayments-iOS-SDK_Example";
			};
			name = Debug;
		};
		607FACF41AFB9204008FA782 /* Release */ = {
			isa = XCBuildConfiguration;
			baseConfigurationReference = A3321008DB1409EE8F482E4A /* Pods-GlobalPayments-iOS-SDK_Tests.release.xcconfig */;
			buildSettings = {
				FRAMEWORK_SEARCH_PATHS = (
					"$(PLATFORM_DIR)/Developer/Library/Frameworks",
					"$(inherited)",
				);
				INFOPLIST_FILE = Tests/Info.plist;
				LD_RUNPATH_SEARCH_PATHS = "$(inherited) @executable_path/Frameworks @loader_path/Frameworks";
				PRODUCT_BUNDLE_IDENTIFIER = "org.cocoapods.$(PRODUCT_NAME:rfc1034identifier)";
				PRODUCT_NAME = "$(TARGET_NAME)";
				SWIFT_SWIFT3_OBJC_INFERENCE = Default;
				SWIFT_VERSION = 5.0;
				TEST_HOST = "$(BUILT_PRODUCTS_DIR)/GlobalPayments-iOS-SDK_Example.app/GlobalPayments-iOS-SDK_Example";
			};
			name = Release;
		};
/* End XCBuildConfiguration section */

/* Begin XCConfigurationList section */
		607FACCB1AFB9204008FA782 /* Build configuration list for PBXProject "GlobalPayments-iOS-SDK" */ = {
			isa = XCConfigurationList;
			buildConfigurations = (
				607FACED1AFB9204008FA782 /* Debug */,
				607FACEE1AFB9204008FA782 /* Release */,
			);
			defaultConfigurationIsVisible = 0;
			defaultConfigurationName = Release;
		};
		607FACEF1AFB9204008FA782 /* Build configuration list for PBXNativeTarget "GlobalPayments-iOS-SDK_Example" */ = {
			isa = XCConfigurationList;
			buildConfigurations = (
				607FACF01AFB9204008FA782 /* Debug */,
				607FACF11AFB9204008FA782 /* Release */,
			);
			defaultConfigurationIsVisible = 0;
			defaultConfigurationName = Release;
		};
		607FACF21AFB9204008FA782 /* Build configuration list for PBXNativeTarget "GlobalPayments-iOS-SDK_Tests" */ = {
			isa = XCConfigurationList;
			buildConfigurations = (
				607FACF31AFB9204008FA782 /* Debug */,
				607FACF41AFB9204008FA782 /* Release */,
			);
			defaultConfigurationIsVisible = 0;
			defaultConfigurationName = Release;
		};
/* End XCConfigurationList section */
	};
	rootObject = 607FACC81AFB9204008FA782 /* Project object */;
}
